PODS:
  - Dollar (6.1.0)
  - SlideMenuControllerSwift (3.0.0)
  - SwiftyJSON (3.1.1)

DEPENDENCIES:
  - Dollar
  - SlideMenuControllerSwift
  - SwiftyJSON

SPEC CHECKSUMS:
  Dollar: 0a9883680f2c1104adf0d19b827c3be71d3e3121
  SlideMenuControllerSwift: 9c0a84f9a3fba51681debd7be77617094562ebcc
  SwiftyJSON: f0be2e604f83e8405a624e9f891898bf6ed4e019

PODFILE CHECKSUM: 82cfa6e9123a637d9909a10dcd44b6810c89f672

COCOAPODS: 1.1.1
