// !$*UTF8*$!
{
	archiveVersion = 1;
	classes = {
	};
	objectVersion = 46;
	objects = {

/* Begin PBXBuildFile section */
		360488401E3C46C900A45B75 /* NetworkManager.swift in Sources */ = {isa = PBXBuildFile; fileRef = 3604883F1E3C46C900A45B75 /* NetworkManager.swift */; };
		362104F31DF73925002E13D2 /* SubredditHeaderTableViewCell.swift in Sources */ = {isa = PBXBuildFile; fileRef = 362104F21DF73925002E13D2 /* SubredditHeaderTableViewCell.swift */; };
		362104F51DF73939002E13D2 /* SubredditTableViewCell.swift in Sources */ = {isa = PBXBuildFile; fileRef = 362104F41DF73939002E13D2 /* SubredditTableViewCell.swift */; };
		362104F91DF73951002E13D2 /* SettingsHeaderTableViewCell.swift in Sources */ = {isa = PBXBuildFile; fileRef = 362104F81DF73951002E13D2 /* SettingsHeaderTableViewCell.swift */; };
		362104FB1DF73A11002E13D2 /* SidebarTableViewController.swift in Sources */ = {isa = PBXBuildFile; fileRef = 362104FA1DF73A11002E13D2 /* SidebarTableViewController.swift */; };
		362BE6451E2C1524009CF055 /* UserNotifications.framework in Frameworks */ = {isa = PBXBuildFile; fileRef = 362BE6441E2C1524009CF055 /* UserNotifications.framework */; };
		3636E2991DCFF8DC0030F77D /* ThreadViewController.swift in Sources */ = {isa = PBXBuildFile; fileRef = 3636E2981DCFF8DC0030F77D /* ThreadViewController.swift */; };
		3636E29B1DD001530030F77D /* ThreadData.swift in Sources */ = {isa = PBXBuildFile; fileRef = 3636E29A1DD001530030F77D /* ThreadData.swift */; };
		363916921E1086A70053EDCE /* Utils.swift in Sources */ = {isa = PBXBuildFile; fileRef = 363916911E1086A70053EDCE /* Utils.swift */; };
		363916961E120DE70053EDCE /* FindSize.swift in Sources */ = {isa = PBXBuildFile; fileRef = 363916951E120DE70053EDCE /* FindSize.swift */; };
		365AFE3D1E4AE4A700EE0395 /* InitialViewController.swift in Sources */ = {isa = PBXBuildFile; fileRef = 365AFE3C1E4AE4A700EE0395 /* InitialViewController.swift */; };
		365C85F71E8F25A50000913A /* MainCommentCell.swift in Sources */ = {isa = PBXBuildFile; fileRef = 365C85F61E8F25A50000913A /* MainCommentCell.swift */; };
		365C85FA1E8F60DD0000913A /* MainComment2.swift in Sources */ = {isa = PBXBuildFile; fileRef = 365C85F81E8F60DD0000913A /* MainComment2.swift */; };
		365C85FB1E8F60DD0000913A /* MainComment2.xib in Resources */ = {isa = PBXBuildFile; fileRef = 365C85F91E8F60DD0000913A /* MainComment2.xib */; };
		365C85FE1E8F61160000913A /* MainComment3.swift in Sources */ = {isa = PBXBuildFile; fileRef = 365C85FC1E8F61160000913A /* MainComment3.swift */; };
		365C85FF1E8F61160000913A /* MainComment3.xib in Resources */ = {isa = PBXBuildFile; fileRef = 365C85FD1E8F61160000913A /* MainComment3.xib */; };
		365C86021E8F61260000913A /* MainComment4.swift in Sources */ = {isa = PBXBuildFile; fileRef = 365C86001E8F61260000913A /* MainComment4.swift */; };
		365C86031E8F61260000913A /* MainComment4.xib in Resources */ = {isa = PBXBuildFile; fileRef = 365C86011E8F61260000913A /* MainComment4.xib */; };
		366903D71DEFB9B000696250 /* SettingsViewController.swift in Sources */ = {isa = PBXBuildFile; fileRef = 366903D61DEFB9B000696250 /* SettingsViewController.swift */; };
		366903DA1DEFBCC100696250 /* TextSizeTableViewCell.swift in Sources */ = {isa = PBXBuildFile; fileRef = 366903D91DEFBCC100696250 /* TextSizeTableViewCell.swift */; };
		366903DC1DEFBCE200696250 /* ThemeTableViewCell.swift in Sources */ = {isa = PBXBuildFile; fileRef = 366903DB1DEFBCE200696250 /* ThemeTableViewCell.swift */; };
		366903DE1DEFBCEB00696250 /* DownloadSettingsTableViewCell.swift in Sources */ = {isa = PBXBuildFile; fileRef = 366903DD1DEFBCEB00696250 /* DownloadSettingsTableViewCell.swift */; };
		366903E41DEFBD0C00696250 /* ClearAllDataTableViewCell.swift in Sources */ = {isa = PBXBuildFile; fileRef = 366903E31DEFBD0C00696250 /* ClearAllDataTableViewCell.swift */; };
		3678F4F91E04D4DB005A3F8A /* ThreadNavigationController.swift in Sources */ = {isa = PBXBuildFile; fileRef = 3678F4F81E04D4DB005A3F8A /* ThreadNavigationController.swift */; };
		367FD6BA1E44EFAB00C9EDB3 /* Extensions.swift in Sources */ = {isa = PBXBuildFile; fileRef = 367FD6B91E44EFAB00C9EDB3 /* Extensions.swift */; };
		3687C8811E299FBF00B16BC6 /* PaddingLabel.swift in Sources */ = {isa = PBXBuildFile; fileRef = 3687C8801E299FBF00B16BC6 /* PaddingLabel.swift */; };
		368A4BEF1DD0CABF002D0480 /* CommentData.swift in Sources */ = {isa = PBXBuildFile; fileRef = 368A4BEE1DD0CABF002D0480 /* CommentData.swift */; };
		368A4BF11DD0DFC7002D0480 /* General.swift in Sources */ = {isa = PBXBuildFile; fileRef = 368A4BF01DD0DFC7002D0480 /* General.swift */; };
		36970FFF1DE936E60070DC33 /* MainPostTableViewCell.swift in Sources */ = {isa = PBXBuildFile; fileRef = 36970FFD1DE936E60070DC33 /* MainPostTableViewCell.swift */; };
		369710001DE936E60070DC33 /* MainPostTableViewCell.xib in Resources */ = {isa = PBXBuildFile; fileRef = 36970FFE1DE936E60070DC33 /* MainPostTableViewCell.xib */; };
		36982E3C1DF5386700336A3F /* THREADTableViewCell.swift in Sources */ = {isa = PBXBuildFile; fileRef = 36982E3B1DF5386700336A3F /* THREADTableViewCell.swift */; };
		36A29EFA1E2D944D0073FB32 /* UpdateAllTableViewCell.swift in Sources */ = {isa = PBXBuildFile; fileRef = 36A29EF91E2D944D0073FB32 /* UpdateAllTableViewCell.swift */; };
		36A591F01E8A0A4500CB2A8E /* SWRevealViewController.m in Sources */ = {isa = PBXBuildFile; fileRef = 36A591EF1E8A0A4500CB2A8E /* SWRevealViewController.m */; };
		36B2680B1E306D6B009FC008 /* Theme.swift in Sources */ = {isa = PBXBuildFile; fileRef = 36B2680A1E306D6B009FC008 /* Theme.swift */; };
		36C451341DCD4A2F0066A76E /* Downloader.swift in Sources */ = {isa = PBXBuildFile; fileRef = 36C451331DCD4A2F0066A76E /* Downloader.swift */; };
		36D255A41DCC3B2C00B1779E /* AppDelegate.swift in Sources */ = {isa = PBXBuildFile; fileRef = 36D255A31DCC3B2C00B1779E /* AppDelegate.swift */; };
		36D255A61DCC3B2C00B1779E /* ViewController.swift in Sources */ = {isa = PBXBuildFile; fileRef = 36D255A51DCC3B2C00B1779E /* ViewController.swift */; };
		36D255A91DCC3B2C00B1779E /* Main.storyboard in Resources */ = {isa = PBXBuildFile; fileRef = 36D255A71DCC3B2C00B1779E /* Main.storyboard */; };
		36D255AB1DCC3B2C00B1779E /* Assets.xcassets in Resources */ = {isa = PBXBuildFile; fileRef = 36D255AA1DCC3B2C00B1779E /* Assets.xcassets */; };
		36D255AE1DCC3B2C00B1779E /* LaunchScreen.storyboard in Resources */ = {isa = PBXBuildFile; fileRef = 36D255AC1DCC3B2C00B1779E /* LaunchScreen.storyboard */; };
		36D255B91DCC3B2C00B1779E /* ReadditTests.swift in Sources */ = {isa = PBXBuildFile; fileRef = 36D255B81DCC3B2C00B1779E /* ReadditTests.swift */; };
		36D255C41DCC3B2C00B1779E /* ReadditUITests.swift in Sources */ = {isa = PBXBuildFile; fileRef = 36D255C31DCC3B2C00B1779E /* ReadditUITests.swift */; };
		36DB561E1DCEB76200E7B764 /* ThreadListViewController.swift in Sources */ = {isa = PBXBuildFile; fileRef = 36DB561D1DCEB76200E7B764 /* ThreadListViewController.swift */; };
		36E7215D1DD6F43C004B5EAA /* CommentViewCell.swift in Sources */ = {isa = PBXBuildFile; fileRef = 36E7215C1DD6F43C004B5EAA /* CommentViewCell.swift */; };
		36E9D2101E23309A00F65FC5 /* AutoDownloadTableViewCell.swift in Sources */ = {isa = PBXBuildFile; fileRef = 36E9D20F1E23309A00F65FC5 /* AutoDownloadTableViewCell.swift */; };
		36EE38011E0889FE00AA5D48 /* RevealViewController.swift in Sources */ = {isa = PBXBuildFile; fileRef = 36EE38001E0889FE00AA5D48 /* RevealViewController.swift */; };
		36EE380A1E08A08600AA5D48 /* RightSidebarViewController.swift in Sources */ = {isa = PBXBuildFile; fileRef = 36EE38091E08A08600AA5D48 /* RightSidebarViewController.swift */; };
		36EE380C1E08A35900AA5D48 /* TypeOfSortCell.swift in Sources */ = {isa = PBXBuildFile; fileRef = 36EE380B1E08A35900AA5D48 /* TypeOfSortCell.swift */; };
		36EE380E1E08A36F00AA5D48 /* MainSortCell.swift in Sources */ = {isa = PBXBuildFile; fileRef = 36EE380D1E08A36F00AA5D48 /* MainSortCell.swift */; };
		36F608F31E09E96000604B6D /* NumberOfThreadsTableViewCell.swift in Sources */ = {isa = PBXBuildFile; fileRef = 36F608F21E09E96000604B6D /* NumberOfThreadsTableViewCell.swift */; };
		36F608F51E09F47D00604B6D /* ThreadNumberField.swift in Sources */ = {isa = PBXBuildFile; fileRef = 36F608F41E09F47D00604B6D /* ThreadNumberField.swift */; };
		F955316FD4B4B9CA27053B32 /* Pods_Readdit.framework in Frameworks */ = {isa = PBXBuildFile; fileRef = FDD8BD655E3005E8924C36BB /* Pods_Readdit.framework */; };
/* End PBXBuildFile section */

/* Begin PBXContainerItemProxy section */
		36D255B51DCC3B2C00B1779E /* PBXContainerItemProxy */ = {
			isa = PBXContainerItemProxy;
			containerPortal = 36D255981DCC3B2B00B1779E /* Project object */;
			proxyType = 1;
			remoteGlobalIDString = 36D2559F1DCC3B2C00B1779E;
			remoteInfo = Readdit;
		};
		36D255C01DCC3B2C00B1779E /* PBXContainerItemProxy */ = {
			isa = PBXContainerItemProxy;
			containerPortal = 36D255981DCC3B2B00B1779E /* Project object */;
			proxyType = 1;
			remoteGlobalIDString = 36D2559F1DCC3B2C00B1779E;
			remoteInfo = Readdit;
		};
/* End PBXContainerItemProxy section */

/* Begin PBXFileReference section */
		3604883F1E3C46C900A45B75 /* NetworkManager.swift */ = {isa = PBXFileReference; fileEncoding = 4; lastKnownFileType = sourcecode.swift; path = NetworkManager.swift; sourceTree = "<group>"; };
		362104F21DF73925002E13D2 /* SubredditHeaderTableViewCell.swift */ = {isa = PBXFileReference; fileEncoding = 4; lastKnownFileType = sourcecode.swift; lineEnding = 0; path = SubredditHeaderTableViewCell.swift; sourceTree = "<group>"; xcLanguageSpecificationIdentifier = xcode.lang.swift; };
		362104F41DF73939002E13D2 /* SubredditTableViewCell.swift */ = {isa = PBXFileReference; fileEncoding = 4; lastKnownFileType = sourcecode.swift; lineEnding = 0; path = SubredditTableViewCell.swift; sourceTree = "<group>"; xcLanguageSpecificationIdentifier = xcode.lang.swift; };
		362104F81DF73951002E13D2 /* SettingsHeaderTableViewCell.swift */ = {isa = PBXFileReference; fileEncoding = 4; lastKnownFileType = sourcecode.swift; lineEnding = 0; path = SettingsHeaderTableViewCell.swift; sourceTree = "<group>"; xcLanguageSpecificationIdentifier = xcode.lang.swift; };
		362104FA1DF73A11002E13D2 /* SidebarTableViewController.swift */ = {isa = PBXFileReference; fileEncoding = 4; lastKnownFileType = sourcecode.swift; lineEnding = 0; path = SidebarTableViewController.swift; sourceTree = "<group>"; xcLanguageSpecificationIdentifier = xcode.lang.swift; };
		362BE6441E2C1524009CF055 /* UserNotifications.framework */ = {isa = PBXFileReference; lastKnownFileType = wrapper.framework; name = UserNotifications.framework; path = System/Library/Frameworks/UserNotifications.framework; sourceTree = SDKROOT; };
		3636E2981DCFF8DC0030F77D /* ThreadViewController.swift */ = {isa = PBXFileReference; fileEncoding = 4; lastKnownFileType = sourcecode.swift; lineEnding = 0; path = ThreadViewController.swift; sourceTree = "<group>"; tabWidth = 5; xcLanguageSpecificationIdentifier = xcode.lang.swift; };
		3636E29A1DD001530030F77D /* ThreadData.swift */ = {isa = PBXFileReference; fileEncoding = 4; lastKnownFileType = sourcecode.swift; path = ThreadData.swift; sourceTree = "<group>"; };
		363916911E1086A70053EDCE /* Utils.swift */ = {isa = PBXFileReference; fileEncoding = 4; lastKnownFileType = sourcecode.swift; path = Utils.swift; sourceTree = "<group>"; };
		363916951E120DE70053EDCE /* FindSize.swift */ = {isa = PBXFileReference; fileEncoding = 4; lastKnownFileType = sourcecode.swift; path = FindSize.swift; sourceTree = "<group>"; };
		365AFE3C1E4AE4A700EE0395 /* InitialViewController.swift */ = {isa = PBXFileReference; fileEncoding = 4; lastKnownFileType = sourcecode.swift; path = InitialViewController.swift; sourceTree = "<group>"; };
		365C85F61E8F25A50000913A /* MainCommentCell.swift */ = {isa = PBXFileReference; fileEncoding = 4; lastKnownFileType = sourcecode.swift; path = MainCommentCell.swift; sourceTree = "<group>"; };
		365C85F81E8F60DD0000913A /* MainComment2.swift */ = {isa = PBXFileReference; fileEncoding = 4; lastKnownFileType = sourcecode.swift; path = MainComment2.swift; sourceTree = "<group>"; };
		365C85F91E8F60DD0000913A /* MainComment2.xib */ = {isa = PBXFileReference; fileEncoding = 4; lastKnownFileType = file.xib; path = MainComment2.xib; sourceTree = "<group>"; };
		365C85FC1E8F61160000913A /* MainComment3.swift */ = {isa = PBXFileReference; fileEncoding = 4; lastKnownFileType = sourcecode.swift; path = MainComment3.swift; sourceTree = "<group>"; };
		365C85FD1E8F61160000913A /* MainComment3.xib */ = {isa = PBXFileReference; fileEncoding = 4; lastKnownFileType = file.xib; path = MainComment3.xib; sourceTree = "<group>"; };
		365C86001E8F61260000913A /* MainComment4.swift */ = {isa = PBXFileReference; fileEncoding = 4; lastKnownFileType = sourcecode.swift; path = MainComment4.swift; sourceTree = "<group>"; };
		365C86011E8F61260000913A /* MainComment4.xib */ = {isa = PBXFileReference; fileEncoding = 4; lastKnownFileType = file.xib; path = MainComment4.xib; sourceTree = "<group>"; };
		366903D61DEFB9B000696250 /* SettingsViewController.swift */ = {isa = PBXFileReference; fileEncoding = 4; lastKnownFileType = sourcecode.swift; lineEnding = 0; name = SettingsViewController.swift; path = ../SettingsViewController.swift; sourceTree = "<group>"; };
		366903D91DEFBCC100696250 /* TextSizeTableViewCell.swift */ = {isa = PBXFileReference; fileEncoding = 4; lastKnownFileType = sourcecode.swift; path = TextSizeTableViewCell.swift; sourceTree = "<group>"; };
		366903DB1DEFBCE200696250 /* ThemeTableViewCell.swift */ = {isa = PBXFileReference; fileEncoding = 4; lastKnownFileType = sourcecode.swift; path = ThemeTableViewCell.swift; sourceTree = "<group>"; };
		366903DD1DEFBCEB00696250 /* DownloadSettingsTableViewCell.swift */ = {isa = PBXFileReference; fileEncoding = 4; lastKnownFileType = sourcecode.swift; path = DownloadSettingsTableViewCell.swift; sourceTree = "<group>"; };
		366903E31DEFBD0C00696250 /* ClearAllDataTableViewCell.swift */ = {isa = PBXFileReference; fileEncoding = 4; lastKnownFileType = sourcecode.swift; path = ClearAllDataTableViewCell.swift; sourceTree = "<group>"; };
		3678F4F81E04D4DB005A3F8A /* ThreadNavigationController.swift */ = {isa = PBXFileReference; fileEncoding = 4; lastKnownFileType = sourcecode.swift; path = ThreadNavigationController.swift; sourceTree = "<group>"; };
		367FD6B91E44EFAB00C9EDB3 /* Extensions.swift */ = {isa = PBXFileReference; fileEncoding = 4; lastKnownFileType = sourcecode.swift; path = Extensions.swift; sourceTree = "<group>"; };
		3684C7C91E071A9400754372 /* Readdit-Bridging-Header.h */ = {isa = PBXFileReference; lastKnownFileType = sourcecode.c.h; path = "Readdit-Bridging-Header.h"; sourceTree = "<group>"; };
		3687C8801E299FBF00B16BC6 /* PaddingLabel.swift */ = {isa = PBXFileReference; fileEncoding = 4; lastKnownFileType = sourcecode.swift; path = PaddingLabel.swift; sourceTree = "<group>"; };
		368A4BEE1DD0CABF002D0480 /* CommentData.swift */ = {isa = PBXFileReference; fileEncoding = 4; lastKnownFileType = sourcecode.swift; path = CommentData.swift; sourceTree = "<group>"; };
		368A4BF01DD0DFC7002D0480 /* General.swift */ = {isa = PBXFileReference; fileEncoding = 4; lastKnownFileType = sourcecode.swift; path = General.swift; sourceTree = "<group>"; };
		36970FFD1DE936E60070DC33 /* MainPostTableViewCell.swift */ = {isa = PBXFileReference; fileEncoding = 4; lastKnownFileType = sourcecode.swift; path = MainPostTableViewCell.swift; sourceTree = "<group>"; };
		36970FFE1DE936E60070DC33 /* MainPostTableViewCell.xib */ = {isa = PBXFileReference; fileEncoding = 4; lastKnownFileType = file.xib; path = MainPostTableViewCell.xib; sourceTree = "<group>"; };
		36982E3B1DF5386700336A3F /* THREADTableViewCell.swift */ = {isa = PBXFileReference; fileEncoding = 4; lastKnownFileType = sourcecode.swift; path = THREADTableViewCell.swift; sourceTree = "<group>"; };
		36A29EF91E2D944D0073FB32 /* UpdateAllTableViewCell.swift */ = {isa = PBXFileReference; fileEncoding = 4; lastKnownFileType = sourcecode.swift; lineEnding = 0; path = UpdateAllTableViewCell.swift; sourceTree = "<group>"; xcLanguageSpecificationIdentifier = xcode.lang.swift; };
		36A591EE1E8A0A4500CB2A8E /* SWRevealViewController.h */ = {isa = PBXFileReference; fileEncoding = 4; lastKnownFileType = sourcecode.c.h; path = SWRevealViewController.h; sourceTree = "<group>"; };
		36A591EF1E8A0A4500CB2A8E /* SWRevealViewController.m */ = {isa = PBXFileReference; fileEncoding = 4; lastKnownFileType = sourcecode.c.objc; path = SWRevealViewController.m; sourceTree = "<group>"; };
		36B2680A1E306D6B009FC008 /* Theme.swift */ = {isa = PBXFileReference; fileEncoding = 4; lastKnownFileType = sourcecode.swift; lineEnding = 0; path = Theme.swift; sourceTree = "<group>"; xcLanguageSpecificationIdentifier = xcode.lang.swift; };
		36C451331DCD4A2F0066A76E /* Downloader.swift */ = {isa = PBXFileReference; fileEncoding = 4; lastKnownFileType = sourcecode.swift; path = Downloader.swift; sourceTree = "<group>"; };
		36D255A01DCC3B2C00B1779E /* Readdit.app */ = {isa = PBXFileReference; explicitFileType = wrapper.application; includeInIndex = 0; path = Readdit.app; sourceTree = BUILT_PRODUCTS_DIR; };
		36D255A31DCC3B2C00B1779E /* AppDelegate.swift */ = {isa = PBXFileReference; lastKnownFileType = sourcecode.swift; path = AppDelegate.swift; sourceTree = "<group>"; };
		36D255A51DCC3B2C00B1779E /* ViewController.swift */ = {isa = PBXFileReference; lastKnownFileType = sourcecode.swift; path = ViewController.swift; sourceTree = "<group>"; };
		36D255A81DCC3B2C00B1779E /* Base */ = {isa = PBXFileReference; lastKnownFileType = file.storyboard; name = Base; path = Base.lproj/Main.storyboard; sourceTree = "<group>"; };
		36D255AA1DCC3B2C00B1779E /* Assets.xcassets */ = {isa = PBXFileReference; lastKnownFileType = folder.assetcatalog; path = Assets.xcassets; sourceTree = "<group>"; };
		36D255AD1DCC3B2C00B1779E /* Base */ = {isa = PBXFileReference; lastKnownFileType = file.storyboard; name = Base; path = Base.lproj/LaunchScreen.storyboard; sourceTree = "<group>"; };
		36D255AF1DCC3B2C00B1779E /* Info.plist */ = {isa = PBXFileReference; lastKnownFileType = text.plist.xml; path = Info.plist; sourceTree = "<group>"; };
		36D255B41DCC3B2C00B1779E /* ReadditTests.xctest */ = {isa = PBXFileReference; explicitFileType = wrapper.cfbundle; includeInIndex = 0; path = ReadditTests.xctest; sourceTree = BUILT_PRODUCTS_DIR; };
		36D255B81DCC3B2C00B1779E /* ReadditTests.swift */ = {isa = PBXFileReference; lastKnownFileType = sourcecode.swift; path = ReadditTests.swift; sourceTree = "<group>"; };
		36D255BA1DCC3B2C00B1779E /* Info.plist */ = {isa = PBXFileReference; lastKnownFileType = text.plist.xml; path = Info.plist; sourceTree = "<group>"; };
		36D255BF1DCC3B2C00B1779E /* ReadditUITests.xctest */ = {isa = PBXFileReference; explicitFileType = wrapper.cfbundle; includeInIndex = 0; path = ReadditUITests.xctest; sourceTree = BUILT_PRODUCTS_DIR; };
		36D255C31DCC3B2C00B1779E /* ReadditUITests.swift */ = {isa = PBXFileReference; lastKnownFileType = sourcecode.swift; path = ReadditUITests.swift; sourceTree = "<group>"; };
		36D255C51DCC3B2C00B1779E /* Info.plist */ = {isa = PBXFileReference; lastKnownFileType = text.plist.xml; path = Info.plist; sourceTree = "<group>"; };
		36D2CB921E29456D007CD6AC /* SWRevealViewController.h */ = {isa = PBXFileReference; lastKnownFileType = sourcecode.c.h; path = SWRevealViewController.h; sourceTree = "<group>"; };
		36DB561D1DCEB76200E7B764 /* ThreadListViewController.swift */ = {isa = PBXFileReference; fileEncoding = 4; lastKnownFileType = sourcecode.swift; lineEnding = 0; path = ThreadListViewController.swift; sourceTree = "<group>"; xcLanguageSpecificationIdentifier = xcode.lang.swift; };
		36E7215C1DD6F43C004B5EAA /* CommentViewCell.swift */ = {isa = PBXFileReference; fileEncoding = 4; lastKnownFileType = sourcecode.swift; path = CommentViewCell.swift; sourceTree = "<group>"; };
		36E9D20F1E23309A00F65FC5 /* AutoDownloadTableViewCell.swift */ = {isa = PBXFileReference; fileEncoding = 4; lastKnownFileType = sourcecode.swift; path = AutoDownloadTableViewCell.swift; sourceTree = "<group>"; };
		36EE38001E0889FE00AA5D48 /* RevealViewController.swift */ = {isa = PBXFileReference; fileEncoding = 4; lastKnownFileType = sourcecode.swift; path = RevealViewController.swift; sourceTree = "<group>"; };
		36EE38091E08A08600AA5D48 /* RightSidebarViewController.swift */ = {isa = PBXFileReference; fileEncoding = 4; lastKnownFileType = sourcecode.swift; lineEnding = 0; path = RightSidebarViewController.swift; sourceTree = "<group>"; xcLanguageSpecificationIdentifier = xcode.lang.swift; };
		36EE380B1E08A35900AA5D48 /* TypeOfSortCell.swift */ = {isa = PBXFileReference; fileEncoding = 4; lastKnownFileType = sourcecode.swift; path = TypeOfSortCell.swift; sourceTree = "<group>"; };
		36EE380D1E08A36F00AA5D48 /* MainSortCell.swift */ = {isa = PBXFileReference; fileEncoding = 4; lastKnownFileType = sourcecode.swift; path = MainSortCell.swift; sourceTree = "<group>"; };
		36F608F21E09E96000604B6D /* NumberOfThreadsTableViewCell.swift */ = {isa = PBXFileReference; fileEncoding = 4; lastKnownFileType = sourcecode.swift; path = NumberOfThreadsTableViewCell.swift; sourceTree = "<group>"; };
		36F608F41E09F47D00604B6D /* ThreadNumberField.swift */ = {isa = PBXFileReference; fileEncoding = 4; lastKnownFileType = sourcecode.swift; path = ThreadNumberField.swift; sourceTree = "<group>"; };
		B187D2BDD23A03FCF551F3A3 /* Pods-Readdit.release.xcconfig */ = {isa = PBXFileReference; includeInIndex = 1; lastKnownFileType = text.xcconfig; name = "Pods-Readdit.release.xcconfig"; path = "Pods/Target Support Files/Pods-Readdit/Pods-Readdit.release.xcconfig"; sourceTree = "<group>"; };
		CFBB8253203F601D3F3A928E /* Pods-Readdit.debug.xcconfig */ = {isa = PBXFileReference; includeInIndex = 1; lastKnownFileType = text.xcconfig; name = "Pods-Readdit.debug.xcconfig"; path = "Pods/Target Support Files/Pods-Readdit/Pods-Readdit.debug.xcconfig"; sourceTree = "<group>"; };
		FDD8BD655E3005E8924C36BB /* Pods_Readdit.framework */ = {isa = PBXFileReference; explicitFileType = wrapper.framework; includeInIndex = 0; path = Pods_Readdit.framework; sourceTree = BUILT_PRODUCTS_DIR; };
/* End PBXFileReference section */

/* Begin PBXFrameworksBuildPhase section */
		36D2559D1DCC3B2C00B1779E /* Frameworks */ = {
			isa = PBXFrameworksBuildPhase;
			buildActionMask = 2147483647;
			files = (
				362BE6451E2C1524009CF055 /* UserNotifications.framework in Frameworks */,
				F955316FD4B4B9CA27053B32 /* Pods_Readdit.framework in Frameworks */,
			);
			runOnlyForDeploymentPostprocessing = 0;
		};
		36D255B11DCC3B2C00B1779E /* Frameworks */ = {
			isa = PBXFrameworksBuildPhase;
			buildActionMask = 2147483647;
			files = (
			);
			runOnlyForDeploymentPostprocessing = 0;
		};
		36D255BC1DCC3B2C00B1779E /* Frameworks */ = {
			isa = PBXFrameworksBuildPhase;
			buildActionMask = 2147483647;
			files = (
			);
			runOnlyForDeploymentPostprocessing = 0;
		};
/* End PBXFrameworksBuildPhase section */

/* Begin PBXGroup section */
		362104F11DF738D6002E13D2 /* SidebarCells */ = {
			isa = PBXGroup;
			children = (
				362104F21DF73925002E13D2 /* SubredditHeaderTableViewCell.swift */,
				362104F41DF73939002E13D2 /* SubredditTableViewCell.swift */,
				362104F81DF73951002E13D2 /* SettingsHeaderTableViewCell.swift */,
				362104FA1DF73A11002E13D2 /* SidebarTableViewController.swift */,
				36A29EF91E2D944D0073FB32 /* UpdateAllTableViewCell.swift */,
			);
			name = SidebarCells;
			sourceTree = "<group>";
		};
		366903D81DEFBC9A00696250 /* Settings */ = {
			isa = PBXGroup;
			children = (
				366903D61DEFB9B000696250 /* SettingsViewController.swift */,
				36F608EF1E09B3A800604B6D /* Array of Settings */,
			);
			name = Settings;
			sourceTree = "<group>";
		};
		3684C7C81E071A8700754372 /* SWReveal */ = {
			isa = PBXGroup;
			children = (
				36A591EE1E8A0A4500CB2A8E /* SWRevealViewController.h */,
				36A591EF1E8A0A4500CB2A8E /* SWRevealViewController.m */,
				3684C7C91E071A9400754372 /* Readdit-Bridging-Header.h */,
				36EE38001E0889FE00AA5D48 /* RevealViewController.swift */,
			);
			name = SWReveal;
			sourceTree = "<group>";
		};
		36D255971DCC3B2B00B1779E = {
			isa = PBXGroup;
			children = (
				36D2CB921E29456D007CD6AC /* SWRevealViewController.h */,
				36D255A21DCC3B2C00B1779E /* Readdit */,
				36EE38071E089ADA00AA5D48 /* Other */,
				446FEBDAB1BC946B193DDD36 /* Frameworks */,
				4633AE7885957ECECCC50815 /* Pods */,
			);
			sourceTree = "<group>";
		};
		36D255A11DCC3B2C00B1779E /* Products */ = {
			isa = PBXGroup;
			children = (
				36D255A01DCC3B2C00B1779E /* Readdit.app */,
				36D255B41DCC3B2C00B1779E /* ReadditTests.xctest */,
				36D255BF1DCC3B2C00B1779E /* ReadditUITests.xctest */,
			);
			name = Products;
			sourceTree = "<group>";
		};
		36D255A21DCC3B2C00B1779E /* Readdit */ = {
			isa = PBXGroup;
			children = (
				36D255AA1DCC3B2C00B1779E /* Assets.xcassets */,
				36D255AF1DCC3B2C00B1779E /* Info.plist */,
				36D255AC1DCC3B2C00B1779E /* LaunchScreen.storyboard */,
				36D255A71DCC3B2C00B1779E /* Main.storyboard */,
				365AFE3C1E4AE4A700EE0395 /* InitialViewController.swift */,
				3684C7C81E071A8700754372 /* SWReveal */,
				36EE38081E08A06E00AA5D48 /* Right Sidebar */,
				362104F11DF738D6002E13D2 /* SidebarCells */,
				366903D81DEFBC9A00696250 /* Settings */,
				36D255A51DCC3B2C00B1779E /* ViewController.swift */,
				36EE38051E089A3100AA5D48 /* Thread Lists */,
				36EE38061E089A4200AA5D48 /* Misc. */,
			);
			path = Readdit;
			sourceTree = "<group>";
		};
		36D255B71DCC3B2C00B1779E /* ReadditTests */ = {
			isa = PBXGroup;
			children = (
				36D255B81DCC3B2C00B1779E /* ReadditTests.swift */,
				36D255BA1DCC3B2C00B1779E /* Info.plist */,
			);
			path = ReadditTests;
			sourceTree = "<group>";
		};
		36D255C21DCC3B2C00B1779E /* ReadditUITests */ = {
			isa = PBXGroup;
			children = (
				36D255C31DCC3B2C00B1779E /* ReadditUITests.swift */,
				36D255C51DCC3B2C00B1779E /* Info.plist */,
			);
			path = ReadditUITests;
			sourceTree = "<group>";
		};
		36EE38051E089A3100AA5D48 /* Thread Lists */ = {
			isa = PBXGroup;
			children = (
				36982E3B1DF5386700336A3F /* THREADTableViewCell.swift */,
				3678F4F81E04D4DB005A3F8A /* ThreadNavigationController.swift */,
				3636E2981DCFF8DC0030F77D /* ThreadViewController.swift */,
				36DB561D1DCEB76200E7B764 /* ThreadListViewController.swift */,
				36E7215C1DD6F43C004B5EAA /* CommentViewCell.swift */,
				3687C8801E299FBF00B16BC6 /* PaddingLabel.swift */,
				365C85F61E8F25A50000913A /* MainCommentCell.swift */,
				365C85F81E8F60DD0000913A /* MainComment2.swift */,
				365C85FC1E8F61160000913A /* MainComment3.swift */,
				365C86001E8F61260000913A /* MainComment4.swift */,
				365C86011E8F61260000913A /* MainComment4.xib */,
				365C85FD1E8F61160000913A /* MainComment3.xib */,
				365C85F91E8F60DD0000913A /* MainComment2.xib */,
			);
			name = "Thread Lists";
			sourceTree = "<group>";
		};
		36EE38061E089A4200AA5D48 /* Misc. */ = {
			isa = PBXGroup;
			children = (
				36D255A31DCC3B2C00B1779E /* AppDelegate.swift */,
				36C451331DCD4A2F0066A76E /* Downloader.swift */,
				3636E29A1DD001530030F77D /* ThreadData.swift */,
				368A4BEE1DD0CABF002D0480 /* CommentData.swift */,
				368A4BF01DD0DFC7002D0480 /* General.swift */,
				36970FFD1DE936E60070DC33 /* MainPostTableViewCell.swift */,
				36970FFE1DE936E60070DC33 /* MainPostTableViewCell.xib */,
				363916911E1086A70053EDCE /* Utils.swift */,
				363916951E120DE70053EDCE /* FindSize.swift */,
				36B2680A1E306D6B009FC008 /* Theme.swift */,
				3604883F1E3C46C900A45B75 /* NetworkManager.swift */,
				367FD6B91E44EFAB00C9EDB3 /* Extensions.swift */,
			);
			name = Misc.;
			sourceTree = "<group>";
		};
		36EE38071E089ADA00AA5D48 /* Other */ = {
			isa = PBXGroup;
			children = (
				36D255B71DCC3B2C00B1779E /* ReadditTests */,
				36D255C21DCC3B2C00B1779E /* ReadditUITests */,
				36D255A11DCC3B2C00B1779E /* Products */,
			);
			name = Other;
			sourceTree = "<group>";
		};
		36EE38081E08A06E00AA5D48 /* Right Sidebar */ = {
			isa = PBXGroup;
			children = (
				36EE38091E08A08600AA5D48 /* RightSidebarViewController.swift */,
				36EE380B1E08A35900AA5D48 /* TypeOfSortCell.swift */,
				36EE380D1E08A36F00AA5D48 /* MainSortCell.swift */,
			);
			name = "Right Sidebar";
			sourceTree = "<group>";
		};
		36F608EF1E09B3A800604B6D /* Array of Settings */ = {
			isa = PBXGroup;
			children = (
				366903D91DEFBCC100696250 /* TextSizeTableViewCell.swift */,
				366903DB1DEFBCE200696250 /* ThemeTableViewCell.swift */,
				366903DD1DEFBCEB00696250 /* DownloadSettingsTableViewCell.swift */,
				366903E31DEFBD0C00696250 /* ClearAllDataTableViewCell.swift */,
				36F608F21E09E96000604B6D /* NumberOfThreadsTableViewCell.swift */,
				36F608F41E09F47D00604B6D /* ThreadNumberField.swift */,
				36E9D20F1E23309A00F65FC5 /* AutoDownloadTableViewCell.swift */,
			);
			name = "Array of Settings";
			sourceTree = "<group>";
		};
		446FEBDAB1BC946B193DDD36 /* Frameworks */ = {
			isa = PBXGroup;
			children = (
				362BE6441E2C1524009CF055 /* UserNotifications.framework */,
				FDD8BD655E3005E8924C36BB /* Pods_Readdit.framework */,
			);
			name = Frameworks;
			sourceTree = "<group>";
		};
		4633AE7885957ECECCC50815 /* Pods */ = {
			isa = PBXGroup;
			children = (
				CFBB8253203F601D3F3A928E /* Pods-Readdit.debug.xcconfig */,
				B187D2BDD23A03FCF551F3A3 /* Pods-Readdit.release.xcconfig */,
			);
			name = Pods;
			sourceTree = "<group>";
		};
/* End PBXGroup section */

/* Begin PBXNativeTarget section */
		36D2559F1DCC3B2C00B1779E /* Readdit */ = {
			isa = PBXNativeTarget;
			buildConfigurationList = 36D255C81DCC3B2C00B1779E /* Build configuration list for PBXNativeTarget "Readdit" */;
			buildPhases = (
				DCC7F98C505DD53406633D2C /* [CP] Check Pods Manifest.lock */,
				36D2559C1DCC3B2C00B1779E /* Sources */,
				36D2559D1DCC3B2C00B1779E /* Frameworks */,
				36D2559E1DCC3B2C00B1779E /* Resources */,
				68B894433E81FCA97BCF3FC3 /* [CP] Embed Pods Frameworks */,
				715FEFF1EF55E8A11059EBC3 /* [CP] Copy Pods Resources */,
			);
			buildRules = (
			);
			dependencies = (
			);
			name = Readdit;
			productName = Readdit;
			productReference = 36D255A01DCC3B2C00B1779E /* Readdit.app */;
			productType = "com.apple.product-type.application";
		};
		36D255B31DCC3B2C00B1779E /* ReadditTests */ = {
			isa = PBXNativeTarget;
			buildConfigurationList = 36D255CB1DCC3B2C00B1779E /* Build configuration list for PBXNativeTarget "ReadditTests" */;
			buildPhases = (
				36D255B01DCC3B2C00B1779E /* Sources */,
				36D255B11DCC3B2C00B1779E /* Frameworks */,
				36D255B21DCC3B2C00B1779E /* Resources */,
			);
			buildRules = (
			);
			dependencies = (
				36D255B61DCC3B2C00B1779E /* PBXTargetDependency */,
			);
			name = ReadditTests;
			productName = ReadditTests;
			productReference = 36D255B41DCC3B2C00B1779E /* ReadditTests.xctest */;
			productType = "com.apple.product-type.bundle.unit-test";
		};
		36D255BE1DCC3B2C00B1779E /* ReadditUITests */ = {
			isa = PBXNativeTarget;
			buildConfigurationList = 36D255CE1DCC3B2C00B1779E /* Build configuration list for PBXNativeTarget "ReadditUITests" */;
			buildPhases = (
				36D255BB1DCC3B2C00B1779E /* Sources */,
				36D255BC1DCC3B2C00B1779E /* Frameworks */,
				36D255BD1DCC3B2C00B1779E /* Resources */,
			);
			buildRules = (
			);
			dependencies = (
				36D255C11DCC3B2C00B1779E /* PBXTargetDependency */,
			);
			name = ReadditUITests;
			productName = ReadditUITests;
			productReference = 36D255BF1DCC3B2C00B1779E /* ReadditUITests.xctest */;
			productType = "com.apple.product-type.bundle.ui-testing";
		};
/* End PBXNativeTarget section */

/* Begin PBXProject section */
		36D255981DCC3B2B00B1779E /* Project object */ = {
			isa = PBXProject;
			attributes = {
				LastSwiftUpdateCheck = 0810;
				LastUpgradeCheck = 0820;
				ORGANIZATIONNAME = "Ali Irfan";
				TargetAttributes = {
					36D2559F1DCC3B2C00B1779E = {
						CreatedOnToolsVersion = 8.1;
						DevelopmentTeam = 4XHUDDQAMX;
						LastSwiftMigration = 0810;
						ProvisioningStyle = Automatic;
						SystemCapabilities = {
							com.apple.BackgroundModes = {
								enabled = 1;
							};
						};
					};
					36D255B31DCC3B2C00B1779E = {
						CreatedOnToolsVersion = 8.1;
						DevelopmentTeam = 4XHUDDQAMX;
						ProvisioningStyle = Automatic;
						TestTargetID = 36D2559F1DCC3B2C00B1779E;
					};
					36D255BE1DCC3B2C00B1779E = {
						CreatedOnToolsVersion = 8.1;
						DevelopmentTeam = 4XHUDDQAMX;
						ProvisioningStyle = Automatic;
						TestTargetID = 36D2559F1DCC3B2C00B1779E;
					};
				};
			};
			buildConfigurationList = 36D2559B1DCC3B2B00B1779E /* Build configuration list for PBXProject "Readdit" */;
			compatibilityVersion = "Xcode 3.2";
			developmentRegion = English;
			hasScannedForEncodings = 0;
			knownRegions = (
				en,
				Base,
			);
			mainGroup = 36D255971DCC3B2B00B1779E;
			productRefGroup = 36D255A11DCC3B2C00B1779E /* Products */;
			projectDirPath = "";
			projectRoot = "";
			targets = (
				36D2559F1DCC3B2C00B1779E /* Readdit */,
				36D255B31DCC3B2C00B1779E /* ReadditTests */,
				36D255BE1DCC3B2C00B1779E /* ReadditUITests */,
			);
		};
/* End PBXProject section */

/* Begin PBXResourcesBuildPhase section */
		36D2559E1DCC3B2C00B1779E /* Resources */ = {
			isa = PBXResourcesBuildPhase;
			buildActionMask = 2147483647;
			files = (
				365C86031E8F61260000913A /* MainComment4.xib in Resources */,
				369710001DE936E60070DC33 /* MainPostTableViewCell.xib in Resources */,
				36D255AE1DCC3B2C00B1779E /* LaunchScreen.storyboard in Resources */,
				365C85FF1E8F61160000913A /* MainComment3.xib in Resources */,
				365C85FB1E8F60DD0000913A /* MainComment2.xib in Resources */,
				36D255AB1DCC3B2C00B1779E /* Assets.xcassets in Resources */,
				36D255A91DCC3B2C00B1779E /* Main.storyboard in Resources */,
			);
			runOnlyForDeploymentPostprocessing = 0;
		};
		36D255B21DCC3B2C00B1779E /* Resources */ = {
			isa = PBXResourcesBuildPhase;
			buildActionMask = 2147483647;
			files = (
			);
			runOnlyForDeploymentPostprocessing = 0;
		};
		36D255BD1DCC3B2C00B1779E /* Resources */ = {
			isa = PBXResourcesBuildPhase;
			buildActionMask = 2147483647;
			files = (
			);
			runOnlyForDeploymentPostprocessing = 0;
		};
/* End PBXResourcesBuildPhase section */

/* Begin PBXShellScriptBuildPhase section */
		68B894433E81FCA97BCF3FC3 /* [CP] Embed Pods Frameworks */ = {
			isa = PBXShellScriptBuildPhase;
			buildActionMask = 2147483647;
			files = (
			);
			inputPaths = (
			);
			name = "[CP] Embed Pods Frameworks";
			outputPaths = (
			);
			runOnlyForDeploymentPostprocessing = 0;
			shellPath = /bin/sh;
			shellScript = "\"${SRCROOT}/Pods/Target Support Files/Pods-Readdit/Pods-Readdit-frameworks.sh\"\n";
			showEnvVarsInLog = 0;
		};
		715FEFF1EF55E8A11059EBC3 /* [CP] Copy Pods Resources */ = {
			isa = PBXShellScriptBuildPhase;
			buildActionMask = 2147483647;
			files = (
			);
			inputPaths = (
			);
			name = "[CP] Copy Pods Resources";
			outputPaths = (
			);
			runOnlyForDeploymentPostprocessing = 0;
			shellPath = /bin/sh;
			shellScript = "\"${SRCROOT}/Pods/Target Support Files/Pods-Readdit/Pods-Readdit-resources.sh\"\n";
			showEnvVarsInLog = 0;
		};
		DCC7F98C505DD53406633D2C /* [CP] Check Pods Manifest.lock */ = {
			isa = PBXShellScriptBuildPhase;
			buildActionMask = 2147483647;
			files = (
			);
			inputPaths = (
			);
			name = "[CP] Check Pods Manifest.lock";
			outputPaths = (
			);
			runOnlyForDeploymentPostprocessing = 0;
			shellPath = /bin/sh;
			shellScript = "diff \"${PODS_ROOT}/../Podfile.lock\" \"${PODS_ROOT}/Manifest.lock\" > /dev/null\nif [ $? != 0 ] ; then\n    # print error to STDERR\n    echo \"error: The sandbox is not in sync with the Podfile.lock. Run 'pod install' or update your CocoaPods installation.\" >&2\n    exit 1\nfi\n";
			showEnvVarsInLog = 0;
		};
/* End PBXShellScriptBuildPhase section */

/* Begin PBXSourcesBuildPhase section */
		36D2559C1DCC3B2C00B1779E /* Sources */ = {
			isa = PBXSourcesBuildPhase;
			buildActionMask = 2147483647;
			files = (
				36EE38011E0889FE00AA5D48 /* RevealViewController.swift in Sources */,
				36A591F01E8A0A4500CB2A8E /* SWRevealViewController.m in Sources */,
				3678F4F91E04D4DB005A3F8A /* ThreadNavigationController.swift in Sources */,
				366903DC1DEFBCE200696250 /* ThemeTableViewCell.swift in Sources */,
				365C86021E8F61260000913A /* MainComment4.swift in Sources */,
				36E7215D1DD6F43C004B5EAA /* CommentViewCell.swift in Sources */,
				36EE380A1E08A08600AA5D48 /* RightSidebarViewController.swift in Sources */,
				36D255A61DCC3B2C00B1779E /* ViewController.swift in Sources */,
				366903DE1DEFBCEB00696250 /* DownloadSettingsTableViewCell.swift in Sources */,
				36970FFF1DE936E60070DC33 /* MainPostTableViewCell.swift in Sources */,
				363916921E1086A70053EDCE /* Utils.swift in Sources */,
				360488401E3C46C900A45B75 /* NetworkManager.swift in Sources */,
				362104F51DF73939002E13D2 /* SubredditTableViewCell.swift in Sources */,
				36F608F51E09F47D00604B6D /* ThreadNumberField.swift in Sources */,
				368A4BEF1DD0CABF002D0480 /* CommentData.swift in Sources */,
				362104FB1DF73A11002E13D2 /* SidebarTableViewController.swift in Sources */,
				365AFE3D1E4AE4A700EE0395 /* InitialViewController.swift in Sources */,
				36D255A41DCC3B2C00B1779E /* AppDelegate.swift in Sources */,
				368A4BF11DD0DFC7002D0480 /* General.swift in Sources */,
				365C85F71E8F25A50000913A /* MainCommentCell.swift in Sources */,
				36EE380C1E08A35900AA5D48 /* TypeOfSortCell.swift in Sources */,
				363916961E120DE70053EDCE /* FindSize.swift in Sources */,
				3636E2991DCFF8DC0030F77D /* ThreadViewController.swift in Sources */,
				3636E29B1DD001530030F77D /* ThreadData.swift in Sources */,
				36F608F31E09E96000604B6D /* NumberOfThreadsTableViewCell.swift in Sources */,
				362104F91DF73951002E13D2 /* SettingsHeaderTableViewCell.swift in Sources */,
				3687C8811E299FBF00B16BC6 /* PaddingLabel.swift in Sources */,
				36B2680B1E306D6B009FC008 /* Theme.swift in Sources */,
				36C451341DCD4A2F0066A76E /* Downloader.swift in Sources */,
				36E9D2101E23309A00F65FC5 /* AutoDownloadTableViewCell.swift in Sources */,
				362104F31DF73925002E13D2 /* SubredditHeaderTableViewCell.swift in Sources */,
				366903DA1DEFBCC100696250 /* TextSizeTableViewCell.swift in Sources */,
				36EE380E1E08A36F00AA5D48 /* MainSortCell.swift in Sources */,
				365C85FE1E8F61160000913A /* MainComment3.swift in Sources */,
				36A29EFA1E2D944D0073FB32 /* UpdateAllTableViewCell.swift in Sources */,
				36982E3C1DF5386700336A3F /* THREADTableViewCell.swift in Sources */,
				36DB561E1DCEB76200E7B764 /* ThreadListViewController.swift in Sources */,
				365C85FA1E8F60DD0000913A /* MainComment2.swift in Sources */,
				367FD6BA1E44EFAB00C9EDB3 /* Extensions.swift in Sources */,
				366903D71DEFB9B000696250 /* SettingsViewController.swift in Sources */,
				366903E41DEFBD0C00696250 /* ClearAllDataTableViewCell.swift in Sources */,
			);
			runOnlyForDeploymentPostprocessing = 0;
		};
		36D255B01DCC3B2C00B1779E /* Sources */ = {
			isa = PBXSourcesBuildPhase;
			buildActionMask = 2147483647;
			files = (
				36D255B91DCC3B2C00B1779E /* ReadditTests.swift in Sources */,
			);
			runOnlyForDeploymentPostprocessing = 0;
		};
		36D255BB1DCC3B2C00B1779E /* Sources */ = {
			isa = PBXSourcesBuildPhase;
			buildActionMask = 2147483647;
			files = (
				36D255C41DCC3B2C00B1779E /* ReadditUITests.swift in Sources */,
			);
			runOnlyForDeploymentPostprocessing = 0;
		};
/* End PBXSourcesBuildPhase section */

/* Begin PBXTargetDependency section */
		36D255B61DCC3B2C00B1779E /* PBXTargetDependency */ = {
			isa = PBXTargetDependency;
			target = 36D2559F1DCC3B2C00B1779E /* Readdit */;
			targetProxy = 36D255B51DCC3B2C00B1779E /* PBXContainerItemProxy */;
		};
		36D255C11DCC3B2C00B1779E /* PBXTargetDependency */ = {
			isa = PBXTargetDependency;
			target = 36D2559F1DCC3B2C00B1779E /* Readdit */;
			targetProxy = 36D255C01DCC3B2C00B1779E /* PBXContainerItemProxy */;
		};
/* End PBXTargetDependency section */

/* Begin PBXVariantGroup section */
		36D255A71DCC3B2C00B1779E /* Main.storyboard */ = {
			isa = PBXVariantGroup;
			children = (
				36D255A81DCC3B2C00B1779E /* Base */,
			);
			name = Main.storyboard;
			sourceTree = "<group>";
		};
		36D255AC1DCC3B2C00B1779E /* LaunchScreen.storyboard */ = {
			isa = PBXVariantGroup;
			children = (
				36D255AD1DCC3B2C00B1779E /* Base */,
			);
			name = LaunchScreen.storyboard;
			sourceTree = "<group>";
		};
/* End PBXVariantGroup section */

/* Begin XCBuildConfiguration section */
		36D255C61DCC3B2C00B1779E /* Debug */ = {
			isa = XCBuildConfiguration;
			buildSettings = {
				ALWAYS_SEARCH_USER_PATHS = NO;
				CLANG_ANALYZER_NONNULL = YES;
				CLANG_CXX_LANGUAGE_STANDARD = "gnu++0x";
				CLANG_CXX_LIBRARY = "libc++";
				CLANG_ENABLE_MODULES = YES;
				CLANG_ENABLE_OBJC_ARC = YES;
				CLANG_WARN_BOOL_CONVERSION = YES;
				CLANG_WARN_CONSTANT_CONVERSION = YES;
				CLANG_WARN_DIRECT_OBJC_ISA_USAGE = YES_ERROR;
				CLANG_WARN_DOCUMENTATION_COMMENTS = YES;
				CLANG_WARN_EMPTY_BODY = YES;
				CLANG_WARN_ENUM_CONVERSION = YES;
				CLANG_WARN_INFINITE_RECURSION = YES;
				CLANG_WARN_INT_CONVERSION = YES;
				CLANG_WARN_OBJC_ROOT_CLASS = YES_ERROR;
				CLANG_WARN_SUSPICIOUS_MOVE = YES;
				CLANG_WARN_SUSPICIOUS_MOVES = YES;
				CLANG_WARN_UNREACHABLE_CODE = YES;
				CLANG_WARN__DUPLICATE_METHOD_MATCH = YES;
				"CODE_SIGN_IDENTITY[sdk=iphoneos*]" = "iPhone Developer";
				COPY_PHASE_STRIP = NO;
				DEBUG_INFORMATION_FORMAT = dwarf;
				ENABLE_STRICT_OBJC_MSGSEND = YES;
				ENABLE_TESTABILITY = YES;
				GCC_C_LANGUAGE_STANDARD = gnu99;
				GCC_DYNAMIC_NO_PIC = NO;
				GCC_NO_COMMON_BLOCKS = YES;
				GCC_OPTIMIZATION_LEVEL = 0;
				GCC_PREPROCESSOR_DEFINITIONS = (
					"DEBUG=1",
					"$(inherited)",
				);
				GCC_WARN_64_TO_32_BIT_CONVERSION = YES;
				GCC_WARN_ABOUT_RETURN_TYPE = YES_ERROR;
				GCC_WARN_UNDECLARED_SELECTOR = YES;
				GCC_WARN_UNINITIALIZED_AUTOS = YES_AGGRESSIVE;
				GCC_WARN_UNUSED_FUNCTION = YES;
				GCC_WARN_UNUSED_VARIABLE = YES;
				IPHONEOS_DEPLOYMENT_TARGET = 10.1;
				MTL_ENABLE_DEBUG_INFO = YES;
				ONLY_ACTIVE_ARCH = YES;
				SDKROOT = iphoneos;
				SWIFT_ACTIVE_COMPILATION_CONDITIONS = DEBUG;
				SWIFT_OPTIMIZATION_LEVEL = "-Onone";
				TARGETED_DEVICE_FAMILY = "1,2";
			};
			name = Debug;
		};
		36D255C71DCC3B2C00B1779E /* Release */ = {
			isa = XCBuildConfiguration;
			buildSettings = {
				ALWAYS_SEARCH_USER_PATHS = NO;
				CLANG_ANALYZER_NONNULL = YES;
				CLANG_CXX_LANGUAGE_STANDARD = "gnu++0x";
				CLANG_CXX_LIBRARY = "libc++";
				CLANG_ENABLE_MODULES = YES;
				CLANG_ENABLE_OBJC_ARC = YES;
				CLANG_WARN_BOOL_CONVERSION = YES;
				CLANG_WARN_CONSTANT_CONVERSION = YES;
				CLANG_WARN_DIRECT_OBJC_ISA_USAGE = YES_ERROR;
				CLANG_WARN_DOCUMENTATION_COMMENTS = YES;
				CLANG_WARN_EMPTY_BODY = YES;
				CLANG_WARN_ENUM_CONVERSION = YES;
				CLANG_WARN_INFINITE_RECURSION = YES;
				CLANG_WARN_INT_CONVERSION = YES;
				CLANG_WARN_OBJC_ROOT_CLASS = YES_ERROR;
				CLANG_WARN_SUSPICIOUS_MOVE = YES;
				CLANG_WARN_SUSPICIOUS_MOVES = YES;
				CLANG_WARN_UNREACHABLE_CODE = YES;
				CLANG_WARN__DUPLICATE_METHOD_MATCH = YES;
				"CODE_SIGN_IDENTITY[sdk=iphoneos*]" = "iPhone Developer";
				COPY_PHASE_STRIP = NO;
				DEBUG_INFORMATION_FORMAT = "dwarf-with-dsym";
				ENABLE_NS_ASSERTIONS = NO;
				ENABLE_STRICT_OBJC_MSGSEND = YES;
				GCC_C_LANGUAGE_STANDARD = gnu99;
				GCC_NO_COMMON_BLOCKS = YES;
				GCC_WARN_64_TO_32_BIT_CONVERSION = YES;
				GCC_WARN_ABOUT_RETURN_TYPE = YES_ERROR;
				GCC_WARN_UNDECLARED_SELECTOR = YES;
				GCC_WARN_UNINITIALIZED_AUTOS = YES_AGGRESSIVE;
				GCC_WARN_UNUSED_FUNCTION = YES;
				GCC_WARN_UNUSED_VARIABLE = YES;
				IPHONEOS_DEPLOYMENT_TARGET = 10.1;
				MTL_ENABLE_DEBUG_INFO = NO;
				SDKROOT = iphoneos;
				SWIFT_OPTIMIZATION_LEVEL = "-Owholemodule";
				TARGETED_DEVICE_FAMILY = "1,2";
				VALIDATE_PRODUCT = YES;
			};
			name = Release;
		};
		36D255C91DCC3B2C00B1779E /* Debug */ = {
			isa = XCBuildConfiguration;
			baseConfigurationReference = CFBB8253203F601D3F3A928E /* Pods-Readdit.debug.xcconfig */;
			buildSettings = {
				ALWAYS_EMBED_SWIFT_STANDARD_LIBRARIES = YES;
				ASSETCATALOG_COMPILER_APPICON_NAME = AppIcon;
				CLANG_ENABLE_MODULES = YES;
				"CODE_SIGN_IDENTITY[sdk=iphoneos*]" = "iPhone Developer";
				DEVELOPMENT_TEAM = 4XHUDDQAMX;
				INFOPLIST_FILE = Readdit/Info.plist;
				IPHONEOS_DEPLOYMENT_TARGET = 9.1;
				LD_RUNPATH_SEARCH_PATHS = "$(inherited) @executable_path/Frameworks";
				PRODUCT_BUNDLE_IDENTIFIER = aliirfan.Readdit;
				PRODUCT_NAME = "$(TARGET_NAME)";
				SWIFT_OBJC_BRIDGING_HEADER = "Readdit/Readdit-Bridging-Header.h";
				SWIFT_OPTIMIZATION_LEVEL = "-Onone";
				SWIFT_VERSION = 3.0;
			};
			name = Debug;
		};
		36D255CA1DCC3B2C00B1779E /* Release */ = {
			isa = XCBuildConfiguration;
			baseConfigurationReference = B187D2BDD23A03FCF551F3A3 /* Pods-Readdit.release.xcconfig */;
			buildSettings = {
				ALWAYS_EMBED_SWIFT_STANDARD_LIBRARIES = YES;
				ASSETCATALOG_COMPILER_APPICON_NAME = AppIcon;
				CLANG_ENABLE_MODULES = YES;
				"CODE_SIGN_IDENTITY[sdk=iphoneos*]" = "iPhone Developer";
				DEVELOPMENT_TEAM = 4XHUDDQAMX;
				INFOPLIST_FILE = Readdit/Info.plist;
				IPHONEOS_DEPLOYMENT_TARGET = 9.1;
				LD_RUNPATH_SEARCH_PATHS = "$(inherited) @executable_path/Frameworks";
				PRODUCT_BUNDLE_IDENTIFIER = aliirfan.Readdit;
				PRODUCT_NAME = "$(TARGET_NAME)";
				SWIFT_OBJC_BRIDGING_HEADER = "Readdit/Readdit-Bridging-Header.h";
				SWIFT_VERSION = 3.0;
			};
			name = Release;
		};
		36D255CC1DCC3B2C00B1779E /* Debug */ = {
			isa = XCBuildConfiguration;
			buildSettings = {
				ALWAYS_EMBED_SWIFT_STANDARD_LIBRARIES = YES;
				BUNDLE_LOADER = "$(TEST_HOST)";
				DEVELOPMENT_TEAM = 4XHUDDQAMX;
				INFOPLIST_FILE = ReadditTests/Info.plist;
				LD_RUNPATH_SEARCH_PATHS = "$(inherited) @executable_path/Frameworks @loader_path/Frameworks";
				PRODUCT_BUNDLE_IDENTIFIER = aliirfan.ReadditTests;
				PRODUCT_NAME = "$(TARGET_NAME)";
				SWIFT_VERSION = 3.0;
				TEST_HOST = "$(BUILT_PRODUCTS_DIR)/Readdit.app/Readdit";
			};
			name = Debug;
		};
		36D255CD1DCC3B2C00B1779E /* Release */ = {
			isa = XCBuildConfiguration;
			buildSettings = {
				ALWAYS_EMBED_SWIFT_STANDARD_LIBRARIES = YES;
				BUNDLE_LOADER = "$(TEST_HOST)";
				DEVELOPMENT_TEAM = 4XHUDDQAMX;
				INFOPLIST_FILE = ReadditTests/Info.plist;
				LD_RUNPATH_SEARCH_PATHS = "$(inherited) @executable_path/Frameworks @loader_path/Frameworks";
				PRODUCT_BUNDLE_IDENTIFIER = aliirfan.ReadditTests;
				PRODUCT_NAME = "$(TARGET_NAME)";
				SWIFT_VERSION = 3.0;
				TEST_HOST = "$(BUILT_PRODUCTS_DIR)/Readdit.app/Readdit";
			};
			name = Release;
		};
		36D255CF1DCC3B2C00B1779E /* Debug */ = {
			isa = XCBuildConfiguration;
			buildSettings = {
				ALWAYS_EMBED_SWIFT_STANDARD_LIBRARIES = YES;
				DEVELOPMENT_TEAM = 4XHUDDQAMX;
				INFOPLIST_FILE = ReadditUITests/Info.plist;
				LD_RUNPATH_SEARCH_PATHS = "$(inherited) @executable_path/Frameworks @loader_path/Frameworks";
				PRODUCT_BUNDLE_IDENTIFIER = aliirfan.ReadditUITests;
				PRODUCT_NAME = "$(TARGET_NAME)";
				SWIFT_VERSION = 3.0;
				TEST_TARGET_NAME = Readdit;
			};
			name = Debug;
		};
		36D255D01DCC3B2C00B1779E /* Release */ = {
			isa = XCBuildConfiguration;
			buildSettings = {
				ALWAYS_EMBED_SWIFT_STANDARD_LIBRARIES = YES;
				DEVELOPMENT_TEAM = 4XHUDDQAMX;
				INFOPLIST_FILE = ReadditUITests/Info.plist;
				LD_RUNPATH_SEARCH_PATHS = "$(inherited) @executable_path/Frameworks @loader_path/Frameworks";
				PRODUCT_BUNDLE_IDENTIFIER = aliirfan.ReadditUITests;
				PRODUCT_NAME = "$(TARGET_NAME)";
				SWIFT_VERSION = 3.0;
				TEST_TARGET_NAME = Readdit;
			};
			name = Release;
		};
/* End XCBuildConfiguration section */

/* Begin XCConfigurationList section */
		36D2559B1DCC3B2B00B1779E /* Build configuration list for PBXProject "Readdit" */ = {
			isa = XCConfigurationList;
			buildConfigurations = (
				36D255C61DCC3B2C00B1779E /* Debug */,
				36D255C71DCC3B2C00B1779E /* Release */,
			);
			defaultConfigurationIsVisible = 0;
			defaultConfigurationName = Release;
		};
		36D255C81DCC3B2C00B1779E /* Build configuration list for PBXNativeTarget "Readdit" */ = {
			isa = XCConfigurationList;
			buildConfigurations = (
				36D255C91DCC3B2C00B1779E /* Debug */,
				36D255CA1DCC3B2C00B1779E /* Release */,
			);
			defaultConfigurationIsVisible = 0;
			defaultConfigurationName = Release;
		};
		36D255CB1DCC3B2C00B1779E /* Build configuration list for PBXNativeTarget "ReadditTests" */ = {
			isa = XCConfigurationList;
			buildConfigurations = (
				36D255CC1DCC3B2C00B1779E /* Debug */,
				36D255CD1DCC3B2C00B1779E /* Release */,
			);
			defaultConfigurationIsVisible = 0;
			defaultConfigurationName = Release;
		};
		36D255CE1DCC3B2C00B1779E /* Build configuration list for PBXNativeTarget "ReadditUITests" */ = {
			isa = XCConfigurationList;
			buildConfigurations = (
				36D255CF1DCC3B2C00B1779E /* Debug */,
				36D255D01DCC3B2C00B1779E /* Release */,
			);
			defaultConfigurationIsVisible = 0;
			defaultConfigurationName = Release;
		};
/* End XCConfigurationList section */
	};
	rootObject = 36D255981DCC3B2B00B1779E /* Project object */;
}
