// !$*UTF8*$!
{
	archiveVersion = 1;
	classes = {
	};
	objectVersion = 46;
	objects = {

/* Begin PBXBuildFile section */
		362104F31DF73925002E13D2 /* SubredditHeaderTableViewCell.swift in Sources */ = {isa = PBXBuildFile; fileRef = 362104F21DF73925002E13D2 /* SubredditHeaderTableViewCell.swift */; };
		362104F51DF73939002E13D2 /* SubredditTableViewCell.swift in Sources */ = {isa = PBXBuildFile; fileRef = 362104F41DF73939002E13D2 /* SubredditTableViewCell.swift */; };
		362104F71DF73944002E13D2 /* ScheduleHeaderTableViewCell.swift in Sources */ = {isa = PBXBuildFile; fileRef = 362104F61DF73944002E13D2 /* ScheduleHeaderTableViewCell.swift */; };
		362104F91DF73951002E13D2 /* SettingsHeaderTableViewCell.swift in Sources */ = {isa = PBXBuildFile; fileRef = 362104F81DF73951002E13D2 /* SettingsHeaderTableViewCell.swift */; };
		362104FB1DF73A11002E13D2 /* SidebarTableViewController.swift in Sources */ = {isa = PBXBuildFile; fileRef = 362104FA1DF73A11002E13D2 /* SidebarTableViewController.swift */; };
		3636E2991DCFF8DC0030F77D /* ThreadViewController.swift in Sources */ = {isa = PBXBuildFile; fileRef = 3636E2981DCFF8DC0030F77D /* ThreadViewController.swift */; };
		3636E29B1DD001530030F77D /* ThreadData.swift in Sources */ = {isa = PBXBuildFile; fileRef = 3636E29A1DD001530030F77D /* ThreadData.swift */; };
		363916921E1086A70053EDCE /* Utils.swift in Sources */ = {isa = PBXBuildFile; fileRef = 363916911E1086A70053EDCE /* Utils.swift */; };
		363916941E120B7E0053EDCE /* Style.swift in Sources */ = {isa = PBXBuildFile; fileRef = 363916931E120B7E0053EDCE /* Style.swift */; };
		363916961E120DE70053EDCE /* FindSize.swift in Sources */ = {isa = PBXBuildFile; fileRef = 363916951E120DE70053EDCE /* FindSize.swift */; };
		365F1BD61DFA8D29007FBF9C /* IntroUIView.swift in Sources */ = {isa = PBXBuildFile; fileRef = 365F1BD51DFA8D29007FBF9C /* IntroUIView.swift */; };
		366903D71DEFB9B000696250 /* SettingsViewController.swift in Sources */ = {isa = PBXBuildFile; fileRef = 366903D61DEFB9B000696250 /* SettingsViewController.swift */; };
		366903DA1DEFBCC100696250 /* TextSizeTableViewCell.swift in Sources */ = {isa = PBXBuildFile; fileRef = 366903D91DEFBCC100696250 /* TextSizeTableViewCell.swift */; };
		366903DC1DEFBCE200696250 /* DarkModeTableViewCell.swift in Sources */ = {isa = PBXBuildFile; fileRef = 366903DB1DEFBCE200696250 /* DarkModeTableViewCell.swift */; };
		366903DE1DEFBCEB00696250 /* DownloadSettingsTableViewCell.swift in Sources */ = {isa = PBXBuildFile; fileRef = 366903DD1DEFBCEB00696250 /* DownloadSettingsTableViewCell.swift */; };
		366903E01DEFBCF800696250 /* HideNSFWPostsTableViewCell.swift in Sources */ = {isa = PBXBuildFile; fileRef = 366903DF1DEFBCF800696250 /* HideNSFWPostsTableViewCell.swift */; };
		366903E21DEFBD0200696250 /* ReportABugTableViewCell.swift in Sources */ = {isa = PBXBuildFile; fileRef = 366903E11DEFBD0200696250 /* ReportABugTableViewCell.swift */; };
		366903E41DEFBD0C00696250 /* ClearAllDataTableViewCell.swift in Sources */ = {isa = PBXBuildFile; fileRef = 366903E31DEFBD0C00696250 /* ClearAllDataTableViewCell.swift */; };
		3678F4F91E04D4DB005A3F8A /* ThreadNavigationController.swift in Sources */ = {isa = PBXBuildFile; fileRef = 3678F4F81E04D4DB005A3F8A /* ThreadNavigationController.swift */; };
		3684C7CC1E071A9400754372 /* SWRevealViewController.m in Sources */ = {isa = PBXBuildFile; fileRef = 3684C7CB1E071A9400754372 /* SWRevealViewController.m */; };
		368A4BEF1DD0CABF002D0480 /* CommentData.swift in Sources */ = {isa = PBXBuildFile; fileRef = 368A4BEE1DD0CABF002D0480 /* CommentData.swift */; };
		368A4BF11DD0DFC7002D0480 /* General.swift in Sources */ = {isa = PBXBuildFile; fileRef = 368A4BF01DD0DFC7002D0480 /* General.swift */; };
		36970FFF1DE936E60070DC33 /* MainPostTableViewCell.swift in Sources */ = {isa = PBXBuildFile; fileRef = 36970FFD1DE936E60070DC33 /* MainPostTableViewCell.swift */; };
		369710001DE936E60070DC33 /* MainPostTableViewCell.xib in Resources */ = {isa = PBXBuildFile; fileRef = 36970FFE1DE936E60070DC33 /* MainPostTableViewCell.xib */; };
		36982E3C1DF5386700336A3F /* THREADTableViewCell.swift in Sources */ = {isa = PBXBuildFile; fileRef = 36982E3B1DF5386700336A3F /* THREADTableViewCell.swift */; };
		36C451341DCD4A2F0066A76E /* Downloader.swift in Sources */ = {isa = PBXBuildFile; fileRef = 36C451331DCD4A2F0066A76E /* Downloader.swift */; };
		36D255A41DCC3B2C00B1779E /* AppDelegate.swift in Sources */ = {isa = PBXBuildFile; fileRef = 36D255A31DCC3B2C00B1779E /* AppDelegate.swift */; };
		36D255A61DCC3B2C00B1779E /* ViewController.swift in Sources */ = {isa = PBXBuildFile; fileRef = 36D255A51DCC3B2C00B1779E /* ViewController.swift */; };
		36D255A91DCC3B2C00B1779E /* Main.storyboard in Resources */ = {isa = PBXBuildFile; fileRef = 36D255A71DCC3B2C00B1779E /* Main.storyboard */; };
		36D255AB1DCC3B2C00B1779E /* Assets.xcassets in Resources */ = {isa = PBXBuildFile; fileRef = 36D255AA1DCC3B2C00B1779E /* Assets.xcassets */; };
		36D255AE1DCC3B2C00B1779E /* LaunchScreen.storyboard in Resources */ = {isa = PBXBuildFile; fileRef = 36D255AC1DCC3B2C00B1779E /* LaunchScreen.storyboard */; };
		36D255B91DCC3B2C00B1779E /* ReadditTests.swift in Sources */ = {isa = PBXBuildFile; fileRef = 36D255B81DCC3B2C00B1779E /* ReadditTests.swift */; };
		36D255C41DCC3B2C00B1779E /* ReadditUITests.swift in Sources */ = {isa = PBXBuildFile; fileRef = 36D255C31DCC3B2C00B1779E /* ReadditUITests.swift */; };
		36DB561E1DCEB76200E7B764 /* ThreadListViewController.swift in Sources */ = {isa = PBXBuildFile; fileRef = 36DB561D1DCEB76200E7B764 /* ThreadListViewController.swift */; };
		36E7215D1DD6F43C004B5EAA /* CommentViewCell.swift in Sources */ = {isa = PBXBuildFile; fileRef = 36E7215C1DD6F43C004B5EAA /* CommentViewCell.swift */; };
		36EE38011E0889FE00AA5D48 /* RevealViewController.swift in Sources */ = {isa = PBXBuildFile; fileRef = 36EE38001E0889FE00AA5D48 /* RevealViewController.swift */; };
		36EE38031E08984A00AA5D48 /* ScheduleViewController.swift in Sources */ = {isa = PBXBuildFile; fileRef = 36EE38021E08984A00AA5D48 /* ScheduleViewController.swift */; };
		36EE380A1E08A08600AA5D48 /* RightSidebarViewController.swift in Sources */ = {isa = PBXBuildFile; fileRef = 36EE38091E08A08600AA5D48 /* RightSidebarViewController.swift */; };
		36EE380C1E08A35900AA5D48 /* TypeOfSortCell.swift in Sources */ = {isa = PBXBuildFile; fileRef = 36EE380B1E08A35900AA5D48 /* TypeOfSortCell.swift */; };
		36EE380E1E08A36F00AA5D48 /* MainSortCell.swift in Sources */ = {isa = PBXBuildFile; fileRef = 36EE380D1E08A36F00AA5D48 /* MainSortCell.swift */; };
		36F608F11E09B3C400604B6D /* DefaultSortingTableViewCell.swift in Sources */ = {isa = PBXBuildFile; fileRef = 36F608F01E09B3C400604B6D /* DefaultSortingTableViewCell.swift */; };
		36F608F31E09E96000604B6D /* NumberOfThreadsTableViewCell.swift in Sources */ = {isa = PBXBuildFile; fileRef = 36F608F21E09E96000604B6D /* NumberOfThreadsTableViewCell.swift */; };
		36F608F51E09F47D00604B6D /* ThreadNumberField.swift in Sources */ = {isa = PBXBuildFile; fileRef = 36F608F41E09F47D00604B6D /* ThreadNumberField.swift */; };
		68180669B12880A96F527680 /* Pods_Readdit.framework in Frameworks */ = {isa = PBXBuildFile; fileRef = 02D049A660F255986BFB3B0E /* Pods_Readdit.framework */; };
		FE74C635AEA378F7BE8F9E78 /* Pods_Readdit.framework in Frameworks */ = {isa = PBXBuildFile; fileRef = 29BFA7BC3305DC2A33E969C3 /* Pods_Readdit.framework */; };
/* End PBXBuildFile section */

/* Begin PBXContainerItemProxy section */
		36D255B51DCC3B2C00B1779E /* PBXContainerItemProxy */ = {
			isa = PBXContainerItemProxy;
			containerPortal = 36D255981DCC3B2B00B1779E /* Project object */;
			proxyType = 1;
			remoteGlobalIDString = 36D2559F1DCC3B2C00B1779E;
			remoteInfo = Readdit;
		};
		36D255C01DCC3B2C00B1779E /* PBXContainerItemProxy */ = {
			isa = PBXContainerItemProxy;
			containerPortal = 36D255981DCC3B2B00B1779E /* Project object */;
			proxyType = 1;
			remoteGlobalIDString = 36D2559F1DCC3B2C00B1779E;
			remoteInfo = Readdit;
		};
/* End PBXContainerItemProxy section */

/* Begin PBXFileReference section */
		02D049A660F255986BFB3B0E /* Pods_Readdit.framework */ = {isa = PBXFileReference; explicitFileType = wrapper.framework; includeInIndex = 0; path = Pods_Readdit.framework; sourceTree = BUILT_PRODUCTS_DIR; };
		29BFA7BC3305DC2A33E969C3 /* Pods_Readdit.framework */ = {isa = PBXFileReference; explicitFileType = wrapper.framework; includeInIndex = 0; path = Pods_Readdit.framework; sourceTree = BUILT_PRODUCTS_DIR; };
		2B222CAAF07D1AA4F9D5399E /* Pods-Readdit.debug.xcconfig */ = {isa = PBXFileReference; includeInIndex = 1; lastKnownFileType = text.xcconfig; name = "Pods-Readdit.debug.xcconfig"; path = "Pods/Target Support Files/Pods-Readdit/Pods-Readdit.debug.xcconfig"; sourceTree = "<group>"; };
		362104F21DF73925002E13D2 /* SubredditHeaderTableViewCell.swift */ = {isa = PBXFileReference; fileEncoding = 4; lastKnownFileType = sourcecode.swift; path = SubredditHeaderTableViewCell.swift; sourceTree = "<group>"; };
		362104F41DF73939002E13D2 /* SubredditTableViewCell.swift */ = {isa = PBXFileReference; fileEncoding = 4; lastKnownFileType = sourcecode.swift; path = SubredditTableViewCell.swift; sourceTree = "<group>"; };
		362104F61DF73944002E13D2 /* ScheduleHeaderTableViewCell.swift */ = {isa = PBXFileReference; fileEncoding = 4; lastKnownFileType = sourcecode.swift; path = ScheduleHeaderTableViewCell.swift; sourceTree = "<group>"; };
		362104F81DF73951002E13D2 /* SettingsHeaderTableViewCell.swift */ = {isa = PBXFileReference; fileEncoding = 4; lastKnownFileType = sourcecode.swift; path = SettingsHeaderTableViewCell.swift; sourceTree = "<group>"; };
		362104FA1DF73A11002E13D2 /* SidebarTableViewController.swift */ = {isa = PBXFileReference; fileEncoding = 4; lastKnownFileType = sourcecode.swift; path = SidebarTableViewController.swift; sourceTree = "<group>"; };
		3636E2981DCFF8DC0030F77D /* ThreadViewController.swift */ = {isa = PBXFileReference; fileEncoding = 4; lastKnownFileType = sourcecode.swift; path = ThreadViewController.swift; sourceTree = "<group>"; tabWidth = 5; };
		3636E29A1DD001530030F77D /* ThreadData.swift */ = {isa = PBXFileReference; fileEncoding = 4; lastKnownFileType = sourcecode.swift; path = ThreadData.swift; sourceTree = "<group>"; };
		363916911E1086A70053EDCE /* Utils.swift */ = {isa = PBXFileReference; fileEncoding = 4; lastKnownFileType = sourcecode.swift; path = Utils.swift; sourceTree = "<group>"; };
		363916931E120B7E0053EDCE /* Style.swift */ = {isa = PBXFileReference; fileEncoding = 4; lastKnownFileType = sourcecode.swift; path = Style.swift; sourceTree = "<group>"; };
		363916951E120DE70053EDCE /* FindSize.swift */ = {isa = PBXFileReference; fileEncoding = 4; lastKnownFileType = sourcecode.swift; path = FindSize.swift; sourceTree = "<group>"; };
		365F1BD51DFA8D29007FBF9C /* IntroUIView.swift */ = {isa = PBXFileReference; fileEncoding = 4; lastKnownFileType = sourcecode.swift; path = IntroUIView.swift; sourceTree = "<group>"; };
		366903D61DEFB9B000696250 /* SettingsViewController.swift */ = {isa = PBXFileReference; fileEncoding = 4; lastKnownFileType = sourcecode.swift; name = SettingsViewController.swift; path = ../SettingsViewController.swift; sourceTree = "<group>"; };
		366903D91DEFBCC100696250 /* TextSizeTableViewCell.swift */ = {isa = PBXFileReference; fileEncoding = 4; lastKnownFileType = sourcecode.swift; path = TextSizeTableViewCell.swift; sourceTree = "<group>"; };
		366903DB1DEFBCE200696250 /* DarkModeTableViewCell.swift */ = {isa = PBXFileReference; fileEncoding = 4; lastKnownFileType = sourcecode.swift; path = DarkModeTableViewCell.swift; sourceTree = "<group>"; };
		366903DD1DEFBCEB00696250 /* DownloadSettingsTableViewCell.swift */ = {isa = PBXFileReference; fileEncoding = 4; lastKnownFileType = sourcecode.swift; path = DownloadSettingsTableViewCell.swift; sourceTree = "<group>"; };
		366903DF1DEFBCF800696250 /* HideNSFWPostsTableViewCell.swift */ = {isa = PBXFileReference; fileEncoding = 4; lastKnownFileType = sourcecode.swift; path = HideNSFWPostsTableViewCell.swift; sourceTree = "<group>"; };
		366903E11DEFBD0200696250 /* ReportABugTableViewCell.swift */ = {isa = PBXFileReference; fileEncoding = 4; lastKnownFileType = sourcecode.swift; path = ReportABugTableViewCell.swift; sourceTree = "<group>"; };
		366903E31DEFBD0C00696250 /* ClearAllDataTableViewCell.swift */ = {isa = PBXFileReference; fileEncoding = 4; lastKnownFileType = sourcecode.swift; path = ClearAllDataTableViewCell.swift; sourceTree = "<group>"; };
		3678F4F81E04D4DB005A3F8A /* ThreadNavigationController.swift */ = {isa = PBXFileReference; fileEncoding = 4; lastKnownFileType = sourcecode.swift; path = ThreadNavigationController.swift; sourceTree = "<group>"; };
		3684C7C91E071A9400754372 /* Readdit-Bridging-Header.h */ = {isa = PBXFileReference; lastKnownFileType = sourcecode.c.h; path = "Readdit-Bridging-Header.h"; sourceTree = "<group>"; };
		3684C7CA1E071A9400754372 /* SWRevealViewController.h */ = {isa = PBXFileReference; fileEncoding = 4; lastKnownFileType = sourcecode.c.h; name = SWRevealViewController.h; path = "../../../Downloads/SWRevealViewController-master/SWRevealViewController/SWRevealViewController.h"; sourceTree = "<group>"; };
		3684C7CB1E071A9400754372 /* SWRevealViewController.m */ = {isa = PBXFileReference; fileEncoding = 4; lastKnownFileType = sourcecode.c.objc; name = SWRevealViewController.m; path = "../../../Downloads/SWRevealViewController-master/SWRevealViewController/SWRevealViewController.m"; sourceTree = "<group>"; };
		368A4BEE1DD0CABF002D0480 /* CommentData.swift */ = {isa = PBXFileReference; fileEncoding = 4; lastKnownFileType = sourcecode.swift; path = CommentData.swift; sourceTree = "<group>"; };
		368A4BF01DD0DFC7002D0480 /* General.swift */ = {isa = PBXFileReference; fileEncoding = 4; lastKnownFileType = sourcecode.swift; path = General.swift; sourceTree = "<group>"; };
		36970FFD1DE936E60070DC33 /* MainPostTableViewCell.swift */ = {isa = PBXFileReference; fileEncoding = 4; lastKnownFileType = sourcecode.swift; path = MainPostTableViewCell.swift; sourceTree = "<group>"; };
		36970FFE1DE936E60070DC33 /* MainPostTableViewCell.xib */ = {isa = PBXFileReference; fileEncoding = 4; lastKnownFileType = file.xib; path = MainPostTableViewCell.xib; sourceTree = "<group>"; };
		36982E3B1DF5386700336A3F /* THREADTableViewCell.swift */ = {isa = PBXFileReference; fileEncoding = 4; lastKnownFileType = sourcecode.swift; path = THREADTableViewCell.swift; sourceTree = "<group>"; };
		36C451331DCD4A2F0066A76E /* Downloader.swift */ = {isa = PBXFileReference; fileEncoding = 4; lastKnownFileType = sourcecode.swift; path = Downloader.swift; sourceTree = "<group>"; };
		36D255A01DCC3B2C00B1779E /* Readdit.app */ = {isa = PBXFileReference; explicitFileType = wrapper.application; includeInIndex = 0; path = Readdit.app; sourceTree = BUILT_PRODUCTS_DIR; };
		36D255A31DCC3B2C00B1779E /* AppDelegate.swift */ = {isa = PBXFileReference; lastKnownFileType = sourcecode.swift; path = AppDelegate.swift; sourceTree = "<group>"; };
		36D255A51DCC3B2C00B1779E /* ViewController.swift */ = {isa = PBXFileReference; lastKnownFileType = sourcecode.swift; path = ViewController.swift; sourceTree = "<group>"; };
		36D255A81DCC3B2C00B1779E /* Base */ = {isa = PBXFileReference; lastKnownFileType = file.storyboard; name = Base; path = Base.lproj/Main.storyboard; sourceTree = "<group>"; };
		36D255AA1DCC3B2C00B1779E /* Assets.xcassets */ = {isa = PBXFileReference; lastKnownFileType = folder.assetcatalog; path = Assets.xcassets; sourceTree = "<group>"; };
		36D255AD1DCC3B2C00B1779E /* Base */ = {isa = PBXFileReference; lastKnownFileType = file.storyboard; name = Base; path = Base.lproj/LaunchScreen.storyboard; sourceTree = "<group>"; };
		36D255AF1DCC3B2C00B1779E /* Info.plist */ = {isa = PBXFileReference; lastKnownFileType = text.plist.xml; path = Info.plist; sourceTree = "<group>"; };
		36D255B41DCC3B2C00B1779E /* ReadditTests.xctest */ = {isa = PBXFileReference; explicitFileType = wrapper.cfbundle; includeInIndex = 0; path = ReadditTests.xctest; sourceTree = BUILT_PRODUCTS_DIR; };
		36D255B81DCC3B2C00B1779E /* ReadditTests.swift */ = {isa = PBXFileReference; lastKnownFileType = sourcecode.swift; path = ReadditTests.swift; sourceTree = "<group>"; };
		36D255BA1DCC3B2C00B1779E /* Info.plist */ = {isa = PBXFileReference; lastKnownFileType = text.plist.xml; path = Info.plist; sourceTree = "<group>"; };
		36D255BF1DCC3B2C00B1779E /* ReadditUITests.xctest */ = {isa = PBXFileReference; explicitFileType = wrapper.cfbundle; includeInIndex = 0; path = ReadditUITests.xctest; sourceTree = BUILT_PRODUCTS_DIR; };
		36D255C31DCC3B2C00B1779E /* ReadditUITests.swift */ = {isa = PBXFileReference; lastKnownFileType = sourcecode.swift; path = ReadditUITests.swift; sourceTree = "<group>"; };
		36D255C51DCC3B2C00B1779E /* Info.plist */ = {isa = PBXFileReference; lastKnownFileType = text.plist.xml; path = Info.plist; sourceTree = "<group>"; };
		36DB561D1DCEB76200E7B764 /* ThreadListViewController.swift */ = {isa = PBXFileReference; fileEncoding = 4; lastKnownFileType = sourcecode.swift; path = ThreadListViewController.swift; sourceTree = "<group>"; };
		36E7215C1DD6F43C004B5EAA /* CommentViewCell.swift */ = {isa = PBXFileReference; fileEncoding = 4; lastKnownFileType = sourcecode.swift; path = CommentViewCell.swift; sourceTree = "<group>"; };
		36EE38001E0889FE00AA5D48 /* RevealViewController.swift */ = {isa = PBXFileReference; fileEncoding = 4; lastKnownFileType = sourcecode.swift; path = RevealViewController.swift; sourceTree = "<group>"; };
		36EE38021E08984A00AA5D48 /* ScheduleViewController.swift */ = {isa = PBXFileReference; fileEncoding = 4; lastKnownFileType = sourcecode.swift; path = ScheduleViewController.swift; sourceTree = "<group>"; };
		36EE38091E08A08600AA5D48 /* RightSidebarViewController.swift */ = {isa = PBXFileReference; fileEncoding = 4; lastKnownFileType = sourcecode.swift; path = RightSidebarViewController.swift; sourceTree = "<group>"; };
		36EE380B1E08A35900AA5D48 /* TypeOfSortCell.swift */ = {isa = PBXFileReference; fileEncoding = 4; lastKnownFileType = sourcecode.swift; path = TypeOfSortCell.swift; sourceTree = "<group>"; };
		36EE380D1E08A36F00AA5D48 /* MainSortCell.swift */ = {isa = PBXFileReference; fileEncoding = 4; lastKnownFileType = sourcecode.swift; path = MainSortCell.swift; sourceTree = "<group>"; };
		36F608F01E09B3C400604B6D /* DefaultSortingTableViewCell.swift */ = {isa = PBXFileReference; fileEncoding = 4; lastKnownFileType = sourcecode.swift; path = DefaultSortingTableViewCell.swift; sourceTree = "<group>"; };
		36F608F21E09E96000604B6D /* NumberOfThreadsTableViewCell.swift */ = {isa = PBXFileReference; fileEncoding = 4; lastKnownFileType = sourcecode.swift; path = NumberOfThreadsTableViewCell.swift; sourceTree = "<group>"; };
		36F608F41E09F47D00604B6D /* ThreadNumberField.swift */ = {isa = PBXFileReference; fileEncoding = 4; lastKnownFileType = sourcecode.swift; path = ThreadNumberField.swift; sourceTree = "<group>"; };
		57D2EB049756634C1DDCEB5B /* Pods-Readdit.release.xcconfig */ = {isa = PBXFileReference; includeInIndex = 1; lastKnownFileType = text.xcconfig; name = "Pods-Readdit.release.xcconfig"; path = "Pods/Target Support Files/Pods-Readdit/Pods-Readdit.release.xcconfig"; sourceTree = "<group>"; };
		B6D74F8D3EB95EE81462434F /* Pods-Readdit.debug.xcconfig */ = {isa = PBXFileReference; includeInIndex = 1; lastKnownFileType = text.xcconfig; name = "Pods-Readdit.debug.xcconfig"; path = "Pods/Target Support Files/Pods-Readdit/Pods-Readdit.debug.xcconfig"; sourceTree = "<group>"; };
		D815F63645B2EAD205943E0A /* Pods-Readdit.release.xcconfig */ = {isa = PBXFileReference; includeInIndex = 1; lastKnownFileType = text.xcconfig; name = "Pods-Readdit.release.xcconfig"; path = "Pods/Target Support Files/Pods-Readdit/Pods-Readdit.release.xcconfig"; sourceTree = "<group>"; };
/* End PBXFileReference section */

/* Begin PBXFrameworksBuildPhase section */
		36D2559D1DCC3B2C00B1779E /* Frameworks */ = {
			isa = PBXFrameworksBuildPhase;
			buildActionMask = 2147483647;
			files = (
				FE74C635AEA378F7BE8F9E78 /* Pods_Readdit.framework in Frameworks */,
				68180669B12880A96F527680 /* Pods_Readdit.framework in Frameworks */,
			);
			runOnlyForDeploymentPostprocessing = 0;
		};
		36D255B11DCC3B2C00B1779E /* Frameworks */ = {
			isa = PBXFrameworksBuildPhase;
			buildActionMask = 2147483647;
			files = (
			);
			runOnlyForDeploymentPostprocessing = 0;
		};
		36D255BC1DCC3B2C00B1779E /* Frameworks */ = {
			isa = PBXFrameworksBuildPhase;
			buildActionMask = 2147483647;
			files = (
			);
			runOnlyForDeploymentPostprocessing = 0;
		};
/* End PBXFrameworksBuildPhase section */

/* Begin PBXGroup section */
		193338652B5A4A9AEE0A25D8 /* Frameworks */ = {
			isa = PBXGroup;
			children = (
				29BFA7BC3305DC2A33E969C3 /* Pods_Readdit.framework */,
			);
			name = Frameworks;
			sourceTree = "<group>";
		};
		362104F11DF738D6002E13D2 /* SidebarCells */ = {
			isa = PBXGroup;
			children = (
				362104F21DF73925002E13D2 /* SubredditHeaderTableViewCell.swift */,
				362104F41DF73939002E13D2 /* SubredditTableViewCell.swift */,
				362104F61DF73944002E13D2 /* ScheduleHeaderTableViewCell.swift */,
				362104F81DF73951002E13D2 /* SettingsHeaderTableViewCell.swift */,
				362104FA1DF73A11002E13D2 /* SidebarTableViewController.swift */,
			);
			name = SidebarCells;
			sourceTree = "<group>";
		};
		366903D81DEFBC9A00696250 /* Settings */ = {
			isa = PBXGroup;
			children = (
				366903D61DEFB9B000696250 /* SettingsViewController.swift */,
				36F608EF1E09B3A800604B6D /* Array of Settings */,
			);
			name = Settings;
			sourceTree = "<group>";
		};
		3684C7C81E071A8700754372 /* SWReveal */ = {
			isa = PBXGroup;
			children = (
				3684C7CA1E071A9400754372 /* SWRevealViewController.h */,
				3684C7CB1E071A9400754372 /* SWRevealViewController.m */,
				3684C7C91E071A9400754372 /* Readdit-Bridging-Header.h */,
				36EE38001E0889FE00AA5D48 /* RevealViewController.swift */,
			);
			name = SWReveal;
			sourceTree = "<group>";
		};
		36D255971DCC3B2B00B1779E = {
			isa = PBXGroup;
			children = (
				36D255A21DCC3B2C00B1779E /* Readdit */,
				36EE38071E089ADA00AA5D48 /* Other */,
				A6CE08D5DB484D264305D71D /* Pods */,
				446FEBDAB1BC946B193DDD36 /* Frameworks */,
			);
			sourceTree = "<group>";
		};
		36D255A11DCC3B2C00B1779E /* Products */ = {
			isa = PBXGroup;
			children = (
				36D255A01DCC3B2C00B1779E /* Readdit.app */,
				36D255B41DCC3B2C00B1779E /* ReadditTests.xctest */,
				36D255BF1DCC3B2C00B1779E /* ReadditUITests.xctest */,
			);
			name = Products;
			sourceTree = "<group>";
		};
		36D255A21DCC3B2C00B1779E /* Readdit */ = {
			isa = PBXGroup;
			children = (
				36D255AA1DCC3B2C00B1779E /* Assets.xcassets */,
				36D255AF1DCC3B2C00B1779E /* Info.plist */,
				36D255AC1DCC3B2C00B1779E /* LaunchScreen.storyboard */,
				36D255A71DCC3B2C00B1779E /* Main.storyboard */,
				3684C7C81E071A8700754372 /* SWReveal */,
				36EE38081E08A06E00AA5D48 /* Right Sidebar */,
				362104F11DF738D6002E13D2 /* SidebarCells */,
				366903D81DEFBC9A00696250 /* Settings */,
				36D255A51DCC3B2C00B1779E /* ViewController.swift */,
				36EE38041E089A1400AA5D48 /* Schedule */,
				36EE38051E089A3100AA5D48 /* Thread Lists */,
				36EE38061E089A4200AA5D48 /* Misc. */,
			);
			path = Readdit;
			sourceTree = "<group>";
		};
		36D255B71DCC3B2C00B1779E /* ReadditTests */ = {
			isa = PBXGroup;
			children = (
				36D255B81DCC3B2C00B1779E /* ReadditTests.swift */,
				36D255BA1DCC3B2C00B1779E /* Info.plist */,
			);
			path = ReadditTests;
			sourceTree = "<group>";
		};
		36D255C21DCC3B2C00B1779E /* ReadditUITests */ = {
			isa = PBXGroup;
			children = (
				36D255C31DCC3B2C00B1779E /* ReadditUITests.swift */,
				36D255C51DCC3B2C00B1779E /* Info.plist */,
			);
			path = ReadditUITests;
			sourceTree = "<group>";
		};
		36EE38041E089A1400AA5D48 /* Schedule */ = {
			isa = PBXGroup;
			children = (
				36EE38021E08984A00AA5D48 /* ScheduleViewController.swift */,
			);
			name = Schedule;
			sourceTree = "<group>";
		};
		36EE38051E089A3100AA5D48 /* Thread Lists */ = {
			isa = PBXGroup;
			children = (
				36982E3B1DF5386700336A3F /* THREADTableViewCell.swift */,
				3678F4F81E04D4DB005A3F8A /* ThreadNavigationController.swift */,
				3636E2981DCFF8DC0030F77D /* ThreadViewController.swift */,
				36DB561D1DCEB76200E7B764 /* ThreadListViewController.swift */,
			);
			name = "Thread Lists";
			sourceTree = "<group>";
		};
		36EE38061E089A4200AA5D48 /* Misc. */ = {
			isa = PBXGroup;
			children = (
				36D255A31DCC3B2C00B1779E /* AppDelegate.swift */,
				36C451331DCD4A2F0066A76E /* Downloader.swift */,
				3636E29A1DD001530030F77D /* ThreadData.swift */,
				368A4BEE1DD0CABF002D0480 /* CommentData.swift */,
				36E7215C1DD6F43C004B5EAA /* CommentViewCell.swift */,
				368A4BF01DD0DFC7002D0480 /* General.swift */,
				36970FFD1DE936E60070DC33 /* MainPostTableViewCell.swift */,
				36970FFE1DE936E60070DC33 /* MainPostTableViewCell.xib */,
				363916911E1086A70053EDCE /* Utils.swift */,
				363916931E120B7E0053EDCE /* Style.swift */,
				363916951E120DE70053EDCE /* FindSize.swift */,
			);
			name = Misc.;
			sourceTree = "<group>";
		};
		36EE38071E089ADA00AA5D48 /* Other */ = {
			isa = PBXGroup;
			children = (
				36D255B71DCC3B2C00B1779E /* ReadditTests */,
				36D255C21DCC3B2C00B1779E /* ReadditUITests */,
				36D255A11DCC3B2C00B1779E /* Products */,
				FE463AF3CEC3FBAA157CBD1C /* Pods */,
				193338652B5A4A9AEE0A25D8 /* Frameworks */,
			);
			name = Other;
			sourceTree = "<group>";
		};
		36EE38081E08A06E00AA5D48 /* Right Sidebar */ = {
			isa = PBXGroup;
			children = (
				36EE38091E08A08600AA5D48 /* RightSidebarViewController.swift */,
				36EE380B1E08A35900AA5D48 /* TypeOfSortCell.swift */,
				36EE380D1E08A36F00AA5D48 /* MainSortCell.swift */,
			);
			name = "Right Sidebar";
			sourceTree = "<group>";
		};
		36F608EF1E09B3A800604B6D /* Array of Settings */ = {
			isa = PBXGroup;
			children = (
				366903D91DEFBCC100696250 /* TextSizeTableViewCell.swift */,
				366903DB1DEFBCE200696250 /* DarkModeTableViewCell.swift */,
				366903DD1DEFBCEB00696250 /* DownloadSettingsTableViewCell.swift */,
				366903DF1DEFBCF800696250 /* HideNSFWPostsTableViewCell.swift */,
				366903E11DEFBD0200696250 /* ReportABugTableViewCell.swift */,
				366903E31DEFBD0C00696250 /* ClearAllDataTableViewCell.swift */,
				365F1BD51DFA8D29007FBF9C /* IntroUIView.swift */,
				36F608F01E09B3C400604B6D /* DefaultSortingTableViewCell.swift */,
				36F608F21E09E96000604B6D /* NumberOfThreadsTableViewCell.swift */,
				36F608F41E09F47D00604B6D /* ThreadNumberField.swift */,
			);
			name = "Array of Settings";
			sourceTree = "<group>";
		};
		446FEBDAB1BC946B193DDD36 /* Frameworks */ = {
			isa = PBXGroup;
			children = (
				02D049A660F255986BFB3B0E /* Pods_Readdit.framework */,
			);
			name = Frameworks;
			sourceTree = "<group>";
		};
		A6CE08D5DB484D264305D71D /* Pods */ = {
			isa = PBXGroup;
			children = (
				B6D74F8D3EB95EE81462434F /* Pods-Readdit.debug.xcconfig */,
				57D2EB049756634C1DDCEB5B /* Pods-Readdit.release.xcconfig */,
			);
			name = Pods;
			sourceTree = "<group>";
		};
		FE463AF3CEC3FBAA157CBD1C /* Pods */ = {
			isa = PBXGroup;
			children = (
				2B222CAAF07D1AA4F9D5399E /* Pods-Readdit.debug.xcconfig */,
				D815F63645B2EAD205943E0A /* Pods-Readdit.release.xcconfig */,
			);
			name = Pods;
			sourceTree = "<group>";
		};
/* End PBXGroup section */

/* Begin PBXNativeTarget section */
		36D2559F1DCC3B2C00B1779E /* Readdit */ = {
			isa = PBXNativeTarget;
			buildConfigurationList = 36D255C81DCC3B2C00B1779E /* Build configuration list for PBXNativeTarget "Readdit" */;
			buildPhases = (
				BCBA4BFED89D5302396D49FE /* [CP] Check Pods Manifest.lock */,
				36D2559C1DCC3B2C00B1779E /* Sources */,
				36D2559D1DCC3B2C00B1779E /* Frameworks */,
				36D2559E1DCC3B2C00B1779E /* Resources */,
				A76F65D37746413EDE0B11D5 /* [CP] Embed Pods Frameworks */,
				092510396359B3573BF6CCDE /* [CP] Copy Pods Resources */,
			);
			buildRules = (
			);
			dependencies = (
			);
			name = Readdit;
			productName = Readdit;
			productReference = 36D255A01DCC3B2C00B1779E /* Readdit.app */;
			productType = "com.apple.product-type.application";
		};
		36D255B31DCC3B2C00B1779E /* ReadditTests */ = {
			isa = PBXNativeTarget;
			buildConfigurationList = 36D255CB1DCC3B2C00B1779E /* Build configuration list for PBXNativeTarget "ReadditTests" */;
			buildPhases = (
				36D255B01DCC3B2C00B1779E /* Sources */,
				36D255B11DCC3B2C00B1779E /* Frameworks */,
				36D255B21DCC3B2C00B1779E /* Resources */,
			);
			buildRules = (
			);
			dependencies = (
				36D255B61DCC3B2C00B1779E /* PBXTargetDependency */,
			);
			name = ReadditTests;
			productName = ReadditTests;
			productReference = 36D255B41DCC3B2C00B1779E /* ReadditTests.xctest */;
			productType = "com.apple.product-type.bundle.unit-test";
		};
		36D255BE1DCC3B2C00B1779E /* ReadditUITests */ = {
			isa = PBXNativeTarget;
			buildConfigurationList = 36D255CE1DCC3B2C00B1779E /* Build configuration list for PBXNativeTarget "ReadditUITests" */;
			buildPhases = (
				36D255BB1DCC3B2C00B1779E /* Sources */,
				36D255BC1DCC3B2C00B1779E /* Frameworks */,
				36D255BD1DCC3B2C00B1779E /* Resources */,
			);
			buildRules = (
			);
			dependencies = (
				36D255C11DCC3B2C00B1779E /* PBXTargetDependency */,
			);
			name = ReadditUITests;
			productName = ReadditUITests;
			productReference = 36D255BF1DCC3B2C00B1779E /* ReadditUITests.xctest */;
			productType = "com.apple.product-type.bundle.ui-testing";
		};
/* End PBXNativeTarget section */

/* Begin PBXProject section */
		36D255981DCC3B2B00B1779E /* Project object */ = {
			isa = PBXProject;
			attributes = {
				LastSwiftUpdateCheck = 0810;
				LastUpgradeCheck = 0820;
				ORGANIZATIONNAME = "Ali Irfan";
				TargetAttributes = {
					36D2559F1DCC3B2C00B1779E = {
						CreatedOnToolsVersion = 8.1;
						DevelopmentTeam = 4XHUDDQAMX;
						LastSwiftMigration = 0810;
						ProvisioningStyle = Automatic;
					};
					36D255B31DCC3B2C00B1779E = {
						CreatedOnToolsVersion = 8.1;
						ProvisioningStyle = Automatic;
						TestTargetID = 36D2559F1DCC3B2C00B1779E;
					};
					36D255BE1DCC3B2C00B1779E = {
						CreatedOnToolsVersion = 8.1;
						ProvisioningStyle = Automatic;
						TestTargetID = 36D2559F1DCC3B2C00B1779E;
					};
				};
			};
			buildConfigurationList = 36D2559B1DCC3B2B00B1779E /* Build configuration list for PBXProject "Readdit" */;
			compatibilityVersion = "Xcode 3.2";
			developmentRegion = English;
			hasScannedForEncodings = 0;
			knownRegions = (
				en,
				Base,
			);
			mainGroup = 36D255971DCC3B2B00B1779E;
			productRefGroup = 36D255A11DCC3B2C00B1779E /* Products */;
			projectDirPath = "";
			projectRoot = "";
			targets = (
				36D2559F1DCC3B2C00B1779E /* Readdit */,
				36D255B31DCC3B2C00B1779E /* ReadditTests */,
				36D255BE1DCC3B2C00B1779E /* ReadditUITests */,
			);
		};
/* End PBXProject section */

/* Begin PBXResourcesBuildPhase section */
		36D2559E1DCC3B2C00B1779E /* Resources */ = {
			isa = PBXResourcesBuildPhase;
			buildActionMask = 2147483647;
			files = (
				369710001DE936E60070DC33 /* MainPostTableViewCell.xib in Resources */,
				36D255AE1DCC3B2C00B1779E /* LaunchScreen.storyboard in Resources */,
				36D255AB1DCC3B2C00B1779E /* Assets.xcassets in Resources */,
				36D255A91DCC3B2C00B1779E /* Main.storyboard in Resources */,
			);
			runOnlyForDeploymentPostprocessing = 0;
		};
		36D255B21DCC3B2C00B1779E /* Resources */ = {
			isa = PBXResourcesBuildPhase;
			buildActionMask = 2147483647;
			files = (
			);
			runOnlyForDeploymentPostprocessing = 0;
		};
		36D255BD1DCC3B2C00B1779E /* Resources */ = {
			isa = PBXResourcesBuildPhase;
			buildActionMask = 2147483647;
			files = (
			);
			runOnlyForDeploymentPostprocessing = 0;
		};
/* End PBXResourcesBuildPhase section */

/* Begin PBXShellScriptBuildPhase section */
		092510396359B3573BF6CCDE /* [CP] Copy Pods Resources */ = {
			isa = PBXShellScriptBuildPhase;
			buildActionMask = 2147483647;
			files = (
			);
			inputPaths = (
			);
			name = "[CP] Copy Pods Resources";
			outputPaths = (
			);
			runOnlyForDeploymentPostprocessing = 0;
			shellPath = /bin/sh;
			shellScript = "\"${SRCROOT}/Pods/Target Support Files/Pods-Readdit/Pods-Readdit-resources.sh\"\n";
			showEnvVarsInLog = 0;
		};
		A76F65D37746413EDE0B11D5 /* [CP] Embed Pods Frameworks */ = {
			isa = PBXShellScriptBuildPhase;
			buildActionMask = 2147483647;
			files = (
			);
			inputPaths = (
			);
			name = "[CP] Embed Pods Frameworks";
			outputPaths = (
			);
			runOnlyForDeploymentPostprocessing = 0;
			shellPath = /bin/sh;
			shellScript = "\"${SRCROOT}/Pods/Target Support Files/Pods-Readdit/Pods-Readdit-frameworks.sh\"\n";
			showEnvVarsInLog = 0;
		};
		BCBA4BFED89D5302396D49FE /* [CP] Check Pods Manifest.lock */ = {
			isa = PBXShellScriptBuildPhase;
			buildActionMask = 2147483647;
			files = (
			);
			inputPaths = (
			);
			name = "[CP] Check Pods Manifest.lock";
			outputPaths = (
			);
			runOnlyForDeploymentPostprocessing = 0;
			shellPath = /bin/sh;
			shellScript = "diff \"${PODS_ROOT}/../Podfile.lock\" \"${PODS_ROOT}/Manifest.lock\" > /dev/null\nif [ $? != 0 ] ; then\n    # print error to STDERR\n    echo \"error: The sandbox is not in sync with the Podfile.lock. Run \'pod install\' or update your CocoaPods installation.\" >&2\n    exit 1\nfi\n";
			showEnvVarsInLog = 0;
		};
/* End PBXShellScriptBuildPhase section */

/* Begin PBXSourcesBuildPhase section */
		36D2559C1DCC3B2C00B1779E /* Sources */ = {
			isa = PBXSourcesBuildPhase;
			buildActionMask = 2147483647;
			files = (
				36EE38011E0889FE00AA5D48 /* RevealViewController.swift in Sources */,
				3678F4F91E04D4DB005A3F8A /* ThreadNavigationController.swift in Sources */,
				366903DC1DEFBCE200696250 /* DarkModeTableViewCell.swift in Sources */,
				36E7215D1DD6F43C004B5EAA /* CommentViewCell.swift in Sources */,
				36EE380A1E08A08600AA5D48 /* RightSidebarViewController.swift in Sources */,
				36D255A61DCC3B2C00B1779E /* ViewController.swift in Sources */,
				36EE38031E08984A00AA5D48 /* ScheduleViewController.swift in Sources */,
				362104F71DF73944002E13D2 /* ScheduleHeaderTableViewCell.swift in Sources */,
				3684C7CC1E071A9400754372 /* SWRevealViewController.m in Sources */,
				366903DE1DEFBCEB00696250 /* DownloadSettingsTableViewCell.swift in Sources */,
				36970FFF1DE936E60070DC33 /* MainPostTableViewCell.swift in Sources */,
				363916921E1086A70053EDCE /* Utils.swift in Sources */,
				362104F51DF73939002E13D2 /* SubredditTableViewCell.swift in Sources */,
				36F608F51E09F47D00604B6D /* ThreadNumberField.swift in Sources */,
				368A4BEF1DD0CABF002D0480 /* CommentData.swift in Sources */,
				362104FB1DF73A11002E13D2 /* SidebarTableViewController.swift in Sources */,
				36D255A41DCC3B2C00B1779E /* AppDelegate.swift in Sources */,
				368A4BF11DD0DFC7002D0480 /* General.swift in Sources */,
				36F608F11E09B3C400604B6D /* DefaultSortingTableViewCell.swift in Sources */,
				363916941E120B7E0053EDCE /* Style.swift in Sources */,
				36EE380C1E08A35900AA5D48 /* TypeOfSortCell.swift in Sources */,
				363916961E120DE70053EDCE /* FindSize.swift in Sources */,
				365F1BD61DFA8D29007FBF9C /* IntroUIView.swift in Sources */,
				3636E2991DCFF8DC0030F77D /* ThreadViewController.swift in Sources */,
				3636E29B1DD001530030F77D /* ThreadData.swift in Sources */,
				36F608F31E09E96000604B6D /* NumberOfThreadsTableViewCell.swift in Sources */,
				362104F91DF73951002E13D2 /* SettingsHeaderTableViewCell.swift in Sources */,
				36C451341DCD4A2F0066A76E /* Downloader.swift in Sources */,
				362104F31DF73925002E13D2 /* SubredditHeaderTableViewCell.swift in Sources */,
				366903DA1DEFBCC100696250 /* TextSizeTableViewCell.swift in Sources */,
				36EE380E1E08A36F00AA5D48 /* MainSortCell.swift in Sources */,
				36982E3C1DF5386700336A3F /* THREADTableViewCell.swift in Sources */,
				36DB561E1DCEB76200E7B764 /* ThreadListViewController.swift in Sources */,
				366903E21DEFBD0200696250 /* ReportABugTableViewCell.swift in Sources */,
				366903E01DEFBCF800696250 /* HideNSFWPostsTableViewCell.swift in Sources */,
				366903D71DEFB9B000696250 /* SettingsViewController.swift in Sources */,
				366903E41DEFBD0C00696250 /* ClearAllDataTableViewCell.swift in Sources */,
			);
			runOnlyForDeploymentPostprocessing = 0;
		};
		36D255B01DCC3B2C00B1779E /* Sources */ = {
			isa = PBXSourcesBuildPhase;
			buildActionMask = 2147483647;
			files = (
				36D255B91DCC3B2C00B1779E /* ReadditTests.swift in Sources */,
			);
			runOnlyForDeploymentPostprocessing = 0;
		};
		36D255BB1DCC3B2C00B1779E /* Sources */ = {
			isa = PBXSourcesBuildPhase;
			buildActionMask = 2147483647;
			files = (
				36D255C41DCC3B2C00B1779E /* ReadditUITests.swift in Sources */,
			);
			runOnlyForDeploymentPostprocessing = 0;
		};
/* End PBXSourcesBuildPhase section */

/* Begin PBXTargetDependency section */
		36D255B61DCC3B2C00B1779E /* PBXTargetDependency */ = {
			isa = PBXTargetDependency;
			target = 36D2559F1DCC3B2C00B1779E /* Readdit */;
			targetProxy = 36D255B51DCC3B2C00B1779E /* PBXContainerItemProxy */;
		};
		36D255C11DCC3B2C00B1779E /* PBXTargetDependency */ = {
			isa = PBXTargetDependency;
			target = 36D2559F1DCC3B2C00B1779E /* Readdit */;
			targetProxy = 36D255C01DCC3B2C00B1779E /* PBXContainerItemProxy */;
		};
/* End PBXTargetDependency section */

/* Begin PBXVariantGroup section */
		36D255A71DCC3B2C00B1779E /* Main.storyboard */ = {
			isa = PBXVariantGroup;
			children = (
				36D255A81DCC3B2C00B1779E /* Base */,
			);
			name = Main.storyboard;
			sourceTree = "<group>";
		};
		36D255AC1DCC3B2C00B1779E /* LaunchScreen.storyboard */ = {
			isa = PBXVariantGroup;
			children = (
				36D255AD1DCC3B2C00B1779E /* Base */,
			);
			name = LaunchScreen.storyboard;
			sourceTree = "<group>";
		};
/* End PBXVariantGroup section */

/* Begin XCBuildConfiguration section */
		36D255C61DCC3B2C00B1779E /* Debug */ = {
			isa = XCBuildConfiguration;
			buildSettings = {
				ALWAYS_SEARCH_USER_PATHS = NO;
				CLANG_ANALYZER_NONNULL = YES;
				CLANG_CXX_LANGUAGE_STANDARD = "gnu++0x";
				CLANG_CXX_LIBRARY = "libc++";
				CLANG_ENABLE_MODULES = YES;
				CLANG_ENABLE_OBJC_ARC = YES;
				CLANG_WARN_BOOL_CONVERSION = YES;
				CLANG_WARN_CONSTANT_CONVERSION = YES;
				CLANG_WARN_DIRECT_OBJC_ISA_USAGE = YES_ERROR;
				CLANG_WARN_DOCUMENTATION_COMMENTS = YES;
				CLANG_WARN_EMPTY_BODY = YES;
				CLANG_WARN_ENUM_CONVERSION = YES;
				CLANG_WARN_INFINITE_RECURSION = YES;
				CLANG_WARN_INT_CONVERSION = YES;
				CLANG_WARN_OBJC_ROOT_CLASS = YES_ERROR;
				CLANG_WARN_SUSPICIOUS_MOVE = YES;
				CLANG_WARN_SUSPICIOUS_MOVES = YES;
				CLANG_WARN_UNREACHABLE_CODE = YES;
				CLANG_WARN__DUPLICATE_METHOD_MATCH = YES;
				"CODE_SIGN_IDENTITY[sdk=iphoneos*]" = "iPhone Developer";
				COPY_PHASE_STRIP = NO;
				DEBUG_INFORMATION_FORMAT = dwarf;
				ENABLE_STRICT_OBJC_MSGSEND = YES;
				ENABLE_TESTABILITY = YES;
				GCC_C_LANGUAGE_STANDARD = gnu99;
				GCC_DYNAMIC_NO_PIC = NO;
				GCC_NO_COMMON_BLOCKS = YES;
				GCC_OPTIMIZATION_LEVEL = 0;
				GCC_PREPROCESSOR_DEFINITIONS = (
					"DEBUG=1",
					"$(inherited)",
				);
				GCC_WARN_64_TO_32_BIT_CONVERSION = YES;
				GCC_WARN_ABOUT_RETURN_TYPE = YES_ERROR;
				GCC_WARN_UNDECLARED_SELECTOR = YES;
				GCC_WARN_UNINITIALIZED_AUTOS = YES_AGGRESSIVE;
				GCC_WARN_UNUSED_FUNCTION = YES;
				GCC_WARN_UNUSED_VARIABLE = YES;
				IPHONEOS_DEPLOYMENT_TARGET = 10.1;
				MTL_ENABLE_DEBUG_INFO = YES;
				ONLY_ACTIVE_ARCH = YES;
				SDKROOT = iphoneos;
				SWIFT_ACTIVE_COMPILATION_CONDITIONS = DEBUG;
				SWIFT_OPTIMIZATION_LEVEL = "-Onone";
				TARGETED_DEVICE_FAMILY = "1,2";
			};
			name = Debug;
		};
		36D255C71DCC3B2C00B1779E /* Release */ = {
			isa = XCBuildConfiguration;
			buildSettings = {
				ALWAYS_SEARCH_USER_PATHS = NO;
				CLANG_ANALYZER_NONNULL = YES;
				CLANG_CXX_LANGUAGE_STANDARD = "gnu++0x";
				CLANG_CXX_LIBRARY = "libc++";
				CLANG_ENABLE_MODULES = YES;
				CLANG_ENABLE_OBJC_ARC = YES;
				CLANG_WARN_BOOL_CONVERSION = YES;
				CLANG_WARN_CONSTANT_CONVERSION = YES;
				CLANG_WARN_DIRECT_OBJC_ISA_USAGE = YES_ERROR;
				CLANG_WARN_DOCUMENTATION_COMMENTS = YES;
				CLANG_WARN_EMPTY_BODY = YES;
				CLANG_WARN_ENUM_CONVERSION = YES;
				CLANG_WARN_INFINITE_RECURSION = YES;
				CLANG_WARN_INT_CONVERSION = YES;
				CLANG_WARN_OBJC_ROOT_CLASS = YES_ERROR;
				CLANG_WARN_SUSPICIOUS_MOVE = YES;
				CLANG_WARN_SUSPICIOUS_MOVES = YES;
				CLANG_WARN_UNREACHABLE_CODE = YES;
				CLANG_WARN__DUPLICATE_METHOD_MATCH = YES;
				"CODE_SIGN_IDENTITY[sdk=iphoneos*]" = "iPhone Developer";
				COPY_PHASE_STRIP = NO;
				DEBUG_INFORMATION_FORMAT = "dwarf-with-dsym";
				ENABLE_NS_ASSERTIONS = NO;
				ENABLE_STRICT_OBJC_MSGSEND = YES;
				GCC_C_LANGUAGE_STANDARD = gnu99;
				GCC_NO_COMMON_BLOCKS = YES;
				GCC_WARN_64_TO_32_BIT_CONVERSION = YES;
				GCC_WARN_ABOUT_RETURN_TYPE = YES_ERROR;
				GCC_WARN_UNDECLARED_SELECTOR = YES;
				GCC_WARN_UNINITIALIZED_AUTOS = YES_AGGRESSIVE;
				GCC_WARN_UNUSED_FUNCTION = YES;
				GCC_WARN_UNUSED_VARIABLE = YES;
				IPHONEOS_DEPLOYMENT_TARGET = 10.1;
				MTL_ENABLE_DEBUG_INFO = NO;
				SDKROOT = iphoneos;
				SWIFT_OPTIMIZATION_LEVEL = "-Owholemodule";
				TARGETED_DEVICE_FAMILY = "1,2";
				VALIDATE_PRODUCT = YES;
			};
			name = Release;
		};
		36D255C91DCC3B2C00B1779E /* Debug */ = {
			isa = XCBuildConfiguration;
			baseConfigurationReference = 2B222CAAF07D1AA4F9D5399E /* Pods-Readdit.debug.xcconfig */;
			buildSettings = {
				ALWAYS_EMBED_SWIFT_STANDARD_LIBRARIES = YES;
				ASSETCATALOG_COMPILER_APPICON_NAME = AppIcon;
				CLANG_ENABLE_MODULES = YES;
				"CODE_SIGN_IDENTITY[sdk=iphoneos*]" = "iPhone Developer";
				DEVELOPMENT_TEAM = 4XHUDDQAMX;
				INFOPLIST_FILE = Readdit/Info.plist;
				IPHONEOS_DEPLOYMENT_TARGET = 9.1;
				LD_RUNPATH_SEARCH_PATHS = "$(inherited) @executable_path/Frameworks";
				PRODUCT_BUNDLE_IDENTIFIER = aliirfan.Readdit;
				PRODUCT_NAME = "$(TARGET_NAME)";
				SWIFT_OBJC_BRIDGING_HEADER = "Readdit/Readdit-Bridging-Header.h";
				SWIFT_OPTIMIZATION_LEVEL = "-Onone";
				SWIFT_VERSION = 3.0;
			};
			name = Debug;
		};
		36D255CA1DCC3B2C00B1779E /* Release */ = {
			isa = XCBuildConfiguration;
			baseConfigurationReference = D815F63645B2EAD205943E0A /* Pods-Readdit.release.xcconfig */;
			buildSettings = {
				ALWAYS_EMBED_SWIFT_STANDARD_LIBRARIES = YES;
				ASSETCATALOG_COMPILER_APPICON_NAME = AppIcon;
				CLANG_ENABLE_MODULES = YES;
				"CODE_SIGN_IDENTITY[sdk=iphoneos*]" = "iPhone Developer";
				DEVELOPMENT_TEAM = 4XHUDDQAMX;
				INFOPLIST_FILE = Readdit/Info.plist;
				IPHONEOS_DEPLOYMENT_TARGET = 9.1;
				LD_RUNPATH_SEARCH_PATHS = "$(inherited) @executable_path/Frameworks";
				PRODUCT_BUNDLE_IDENTIFIER = aliirfan.Readdit;
				PRODUCT_NAME = "$(TARGET_NAME)";
				SWIFT_OBJC_BRIDGING_HEADER = "Readdit/Readdit-Bridging-Header.h";
				SWIFT_VERSION = 3.0;
			};
			name = Release;
		};
		36D255CC1DCC3B2C00B1779E /* Debug */ = {
			isa = XCBuildConfiguration;
			buildSettings = {
				ALWAYS_EMBED_SWIFT_STANDARD_LIBRARIES = YES;
				BUNDLE_LOADER = "$(TEST_HOST)";
				INFOPLIST_FILE = ReadditTests/Info.plist;
				LD_RUNPATH_SEARCH_PATHS = "$(inherited) @executable_path/Frameworks @loader_path/Frameworks";
				PRODUCT_BUNDLE_IDENTIFIER = aliirfan.ReadditTests;
				PRODUCT_NAME = "$(TARGET_NAME)";
				SWIFT_VERSION = 3.0;
				TEST_HOST = "$(BUILT_PRODUCTS_DIR)/Readdit.app/Readdit";
			};
			name = Debug;
		};
		36D255CD1DCC3B2C00B1779E /* Release */ = {
			isa = XCBuildConfiguration;
			buildSettings = {
				ALWAYS_EMBED_SWIFT_STANDARD_LIBRARIES = YES;
				BUNDLE_LOADER = "$(TEST_HOST)";
				INFOPLIST_FILE = ReadditTests/Info.plist;
				LD_RUNPATH_SEARCH_PATHS = "$(inherited) @executable_path/Frameworks @loader_path/Frameworks";
				PRODUCT_BUNDLE_IDENTIFIER = aliirfan.ReadditTests;
				PRODUCT_NAME = "$(TARGET_NAME)";
				SWIFT_VERSION = 3.0;
				TEST_HOST = "$(BUILT_PRODUCTS_DIR)/Readdit.app/Readdit";
			};
			name = Release;
		};
		36D255CF1DCC3B2C00B1779E /* Debug */ = {
			isa = XCBuildConfiguration;
			buildSettings = {
				ALWAYS_EMBED_SWIFT_STANDARD_LIBRARIES = YES;
				INFOPLIST_FILE = ReadditUITests/Info.plist;
				LD_RUNPATH_SEARCH_PATHS = "$(inherited) @executable_path/Frameworks @loader_path/Frameworks";
				PRODUCT_BUNDLE_IDENTIFIER = aliirfan.ReadditUITests;
				PRODUCT_NAME = "$(TARGET_NAME)";
				SWIFT_VERSION = 3.0;
				TEST_TARGET_NAME = Readdit;
			};
			name = Debug;
		};
		36D255D01DCC3B2C00B1779E /* Release */ = {
			isa = XCBuildConfiguration;
			buildSettings = {
				ALWAYS_EMBED_SWIFT_STANDARD_LIBRARIES = YES;
				INFOPLIST_FILE = ReadditUITests/Info.plist;
				LD_RUNPATH_SEARCH_PATHS = "$(inherited) @executable_path/Frameworks @loader_path/Frameworks";
				PRODUCT_BUNDLE_IDENTIFIER = aliirfan.ReadditUITests;
				PRODUCT_NAME = "$(TARGET_NAME)";
				SWIFT_VERSION = 3.0;
				TEST_TARGET_NAME = Readdit;
			};
			name = Release;
		};
/* End XCBuildConfiguration section */

/* Begin XCConfigurationList section */
		36D2559B1DCC3B2B00B1779E /* Build configuration list for PBXProject "Readdit" */ = {
			isa = XCConfigurationList;
			buildConfigurations = (
				36D255C61DCC3B2C00B1779E /* Debug */,
				36D255C71DCC3B2C00B1779E /* Release */,
			);
			defaultConfigurationIsVisible = 0;
			defaultConfigurationName = Release;
		};
		36D255C81DCC3B2C00B1779E /* Build configuration list for PBXNativeTarget "Readdit" */ = {
			isa = XCConfigurationList;
			buildConfigurations = (
				36D255C91DCC3B2C00B1779E /* Debug */,
				36D255CA1DCC3B2C00B1779E /* Release */,
			);
			defaultConfigurationIsVisible = 0;
			defaultConfigurationName = Release;
		};
		36D255CB1DCC3B2C00B1779E /* Build configuration list for PBXNativeTarget "ReadditTests" */ = {
			isa = XCConfigurationList;
			buildConfigurations = (
				36D255CC1DCC3B2C00B1779E /* Debug */,
				36D255CD1DCC3B2C00B1779E /* Release */,
			);
			defaultConfigurationIsVisible = 0;
			defaultConfigurationName = Release;
		};
		36D255CE1DCC3B2C00B1779E /* Build configuration list for PBXNativeTarget "ReadditUITests" */ = {
			isa = XCConfigurationList;
			buildConfigurations = (
				36D255CF1DCC3B2C00B1779E /* Debug */,
				36D255D01DCC3B2C00B1779E /* Release */,
			);
			defaultConfigurationIsVisible = 0;
			defaultConfigurationName = Release;
		};
/* End XCConfigurationList section */
	};
	rootObject = 36D255981DCC3B2B00B1779E /* Project object */;
}
